<?xml version="1.0" encoding="UTF-8"?>
<!DOCTYPE plist PUBLIC "-//Apple//DTD PLIST 1.0//EN" "http://www.apple.com/DTDs/PropertyList-1.0.dtd">
<plist version="1.0">
<dict>
	<key>archiveVersion</key>
	<string>1</string>
	<key>classes</key>
	<dict/>
	<key>objectVersion</key>
	<string>46</string>
	<key>objects</key>
	<dict>
		<key>0D6BB005E6BC93FABA619624</key>
		<dict>
			<key>includeInIndex</key>
			<string>1</string>
			<key>isa</key>
			<string>PBXFileReference</string>
			<key>lastKnownFileType</key>
			<string>text.xcconfig</string>
			<key>name</key>
			<string>Pods-GTFoundationMac.debug.xcconfig</string>
			<key>path</key>
			<string>Pods/Target Support Files/Pods-GTFoundationMac/Pods-GTFoundationMac.debug.xcconfig</string>
			<key>sourceTree</key>
			<string>&lt;group&gt;</string>
		</dict>
		<key>12BDF50695D55B6975D674AD</key>
		<dict>
			<key>includeInIndex</key>
			<string>1</string>
			<key>isa</key>
			<string>PBXFileReference</string>
			<key>lastKnownFileType</key>
			<string>text.xcconfig</string>
			<key>name</key>
			<string>Pods-GTFoundation.release.xcconfig</string>
			<key>path</key>
			<string>Pods/Target Support Files/Pods-GTFoundation/Pods-GTFoundation.release.xcconfig</string>
			<key>sourceTree</key>
			<string>&lt;group&gt;</string>
		</dict>
		<key>34EC92B70ED2220FD49C17AE</key>
		<dict>
			<key>includeInIndex</key>
			<string>1</string>
			<key>isa</key>
			<string>PBXFileReference</string>
			<key>lastKnownFileType</key>
			<string>text.xcconfig</string>
			<key>name</key>
			<string>Pods-GTFoundation.debug.xcconfig</string>
			<key>path</key>
			<string>Pods/Target Support Files/Pods-GTFoundation/Pods-GTFoundation.debug.xcconfig</string>
			<key>sourceTree</key>
			<string>&lt;group&gt;</string>
		</dict>
		<key>35035A6908AE075F2435800F</key>
		<dict>
			<key>includeInIndex</key>
			<string>1</string>
			<key>isa</key>
			<string>PBXFileReference</string>
			<key>lastKnownFileType</key>
			<string>text.xcconfig</string>
			<key>name</key>
			<string>Pods-GTFoundationMac.release.xcconfig</string>
			<key>path</key>
			<string>Pods/Target Support Files/Pods-GTFoundationMac/Pods-GTFoundationMac.release.xcconfig</string>
			<key>sourceTree</key>
			<string>&lt;group&gt;</string>
		</dict>
		<key>43759F2F061042DFBCCC30F5</key>
		<dict>
			<key>buildActionMask</key>
			<string>2147483647</string>
			<key>files</key>
			<array/>
			<key>inputPaths</key>
			<array/>
			<key>isa</key>
			<string>PBXShellScriptBuildPhase</string>
			<key>name</key>
			<string>Copy Pods Resources</string>
			<key>outputPaths</key>
			<array/>
			<key>runOnlyForDeploymentPostprocessing</key>
			<string>0</string>
			<key>shellPath</key>
			<string>/bin/sh</string>
			<key>shellScript</key>
			<string>"${SRCROOT}/Pods/Target Support Files/Pods-GTFoundationMac/Pods-GTFoundationMac-resources.sh"
</string>
			<key>showEnvVarsInLog</key>
			<string>0</string>
		</dict>
		<key>4BDBF1E2D6744E0C9F64AA32</key>
		<dict>
			<key>explicitFileType</key>
			<string>archive.ar</string>
			<key>includeInIndex</key>
			<string>0</string>
			<key>isa</key>
			<string>PBXFileReference</string>
			<key>path</key>
			<string>libPods-GTFoundationMac.a</string>
			<key>sourceTree</key>
			<string>BUILT_PRODUCTS_DIR</string>
		</dict>
		<key>527E9CE6CBBC459F8EDFA034</key>
		<dict>
			<key>fileRef</key>
			<string>4BDBF1E2D6744E0C9F64AA32</string>
			<key>isa</key>
			<string>PBXBuildFile</string>
		</dict>
		<key>5FD2D6F2AAD342D7A342D62E</key>
		<dict>
			<key>buildActionMask</key>
			<string>2147483647</string>
			<key>files</key>
			<array/>
			<key>inputPaths</key>
			<array/>
			<key>isa</key>
			<string>PBXShellScriptBuildPhase</string>
			<key>name</key>
			<string>Check Pods Manifest.lock</string>
			<key>outputPaths</key>
			<array/>
			<key>runOnlyForDeploymentPostprocessing</key>
			<string>0</string>
			<key>shellPath</key>
			<string>/bin/sh</string>
			<key>shellScript</key>
			<string>diff "${PODS_ROOT}/../Podfile.lock" "${PODS_ROOT}/Manifest.lock" &gt; /dev/null
if [[ $? != 0 ]] ; then
    cat &lt;&lt; EOM
error: The sandbox is not in sync with the Podfile.lock. Run 'pod install' or update your CocoaPods installation.
EOM
    exit 1
fi
</string>
			<key>showEnvVarsInLog</key>
			<string>0</string>
		</dict>
		<key>990136331823B8B2008A5908</key>
		<dict>
			<key>children</key>
			<array>
				<string>990136451823B8B2008A5908</string>
				<string>9901365E1823B8B2008A5908</string>
				<string>99894AD2182D0B27008705FD</string>
				<string>99894AEF182D0B27008705FD</string>
				<string>9901363E1823B8B2008A5908</string>
				<string>9901363D1823B8B2008A5908</string>
				<string>B85A9E57E2B38E35F3269AEE</string>
			</array>
			<key>isa</key>
			<string>PBXGroup</string>
			<key>sourceTree</key>
			<string>&lt;group&gt;</string>
		</dict>
		<key>990136341823B8B2008A5908</key>
		<dict>
			<key>attributes</key>
			<dict>
				<key>CLASSPREFIX</key>
				<string>GT</string>
				<key>LastUpgradeCheck</key>
				<string>0500</string>
				<key>ORGANIZATIONNAME</key>
				<string>Cocoa Beans GT Limited</string>
				<key>TargetAttributes</key>
				<dict>
					<key>990136561823B8B2008A5908</key>
					<dict>
						<key>TestTargetID</key>
						<string>9901363B1823B8B2008A5908</string>
					</dict>
					<key>99894AE9182D0B27008705FD</key>
					<dict>
						<key>TestTargetID</key>
						<string>9901363B1823B8B2008A5908</string>
					</dict>
				</dict>
			</dict>
			<key>buildConfigurationList</key>
			<string>990136371823B8B2008A5908</string>
			<key>compatibilityVersion</key>
			<string>Xcode 3.2</string>
			<key>developmentRegion</key>
			<string>English</string>
			<key>hasScannedForEncodings</key>
			<string>0</string>
			<key>isa</key>
			<string>PBXProject</string>
			<key>knownRegions</key>
			<array>
				<string>en</string>
				<string>Base</string>
			</array>
			<key>mainGroup</key>
			<string>990136331823B8B2008A5908</string>
			<key>productRefGroup</key>
			<string>9901363D1823B8B2008A5908</string>
			<key>projectDirPath</key>
			<string></string>
			<key>projectReferences</key>
			<array/>
			<key>projectRoot</key>
			<string></string>
			<key>targets</key>
			<array>
				<string>9901363B1823B8B2008A5908</string>
				<string>990136561823B8B2008A5908</string>
				<string>99894ACA182D0B27008705FD</string>
				<string>99894AE9182D0B27008705FD</string>
			</array>
		</dict>
		<key>990136371823B8B2008A5908</key>
		<dict>
			<key>buildConfigurations</key>
			<array>
				<string>990136661823B8B2008A5908</string>
				<string>990136671823B8B2008A5908</string>
			</array>
			<key>defaultConfigurationIsVisible</key>
			<string>0</string>
			<key>defaultConfigurationName</key>
			<string>Release</string>
			<key>isa</key>
			<string>XCConfigurationList</string>
		</dict>
		<key>990136381823B8B2008A5908</key>
		<dict>
			<key>buildActionMask</key>
			<string>2147483647</string>
			<key>files</key>
			<array>
				<string>990136801823C36E008A5908</string>
				<string>9901364C1823B8B2008A5908</string>
				<string>990136501823B8B2008A5908</string>
			</array>
			<key>isa</key>
			<string>PBXSourcesBuildPhase</string>
			<key>runOnlyForDeploymentPostprocessing</key>
			<string>0</string>
		</dict>
		<key>990136391823B8B2008A5908</key>
		<dict>
			<key>buildActionMask</key>
			<string>2147483647</string>
			<key>files</key>
			<array>
				<string>990136421823B8B2008A5908</string>
				<string>9901367D1823B91B008A5908</string>
				<string>990136401823B8B2008A5908</string>
				<string>990136441823B8B2008A5908</string>
				<string>9CBFFF8181904B758D3D04E1</string>
			</array>
			<key>isa</key>
			<string>PBXFrameworksBuildPhase</string>
			<key>runOnlyForDeploymentPostprocessing</key>
			<string>0</string>
		</dict>
		<key>9901363A1823B8B2008A5908</key>
		<dict>
			<key>buildActionMask</key>
			<string>2147483647</string>
			<key>files</key>
			<array>
				<string>9901364A1823B8B2008A5908</string>
				<string>990136521823B8B2008A5908</string>
			</array>
			<key>isa</key>
			<string>PBXResourcesBuildPhase</string>
			<key>runOnlyForDeploymentPostprocessing</key>
			<string>0</string>
		</dict>
		<key>9901363B1823B8B2008A5908</key>
		<dict>
			<key>buildConfigurationList</key>
			<string>990136681823B8B3008A5908</string>
			<key>buildPhases</key>
			<array>
				<string>9F124A956B7B48D3BA4F18F8</string>
				<string>990136381823B8B2008A5908</string>
				<string>990136391823B8B2008A5908</string>
				<string>9901363A1823B8B2008A5908</string>
				<string>CF544B69E80C46868E2D3F53</string>
			</array>
			<key>buildRules</key>
			<array/>
			<key>dependencies</key>
			<array/>
			<key>isa</key>
			<string>PBXNativeTarget</string>
			<key>name</key>
			<string>GTFoundation</string>
			<key>productName</key>
			<string>GTFoundation</string>
			<key>productReference</key>
			<string>9901363C1823B8B2008A5908</string>
			<key>productType</key>
			<string>com.apple.product-type.application</string>
		</dict>
		<key>9901363C1823B8B2008A5908</key>
		<dict>
			<key>explicitFileType</key>
			<string>wrapper.application</string>
			<key>includeInIndex</key>
			<string>0</string>
			<key>isa</key>
			<string>PBXFileReference</string>
			<key>path</key>
			<string>GTFoundation.app</string>
			<key>sourceTree</key>
			<string>BUILT_PRODUCTS_DIR</string>
		</dict>
		<key>9901363D1823B8B2008A5908</key>
		<dict>
			<key>children</key>
			<array>
				<string>9901363C1823B8B2008A5908</string>
				<string>990136571823B8B2008A5908</string>
				<string>99894ACB182D0B27008705FD</string>
				<string>99894AEA182D0B27008705FD</string>
			</array>
			<key>isa</key>
			<string>PBXGroup</string>
			<key>name</key>
			<string>Products</string>
			<key>sourceTree</key>
			<string>&lt;group&gt;</string>
		</dict>
		<key>9901363E1823B8B2008A5908</key>
		<dict>
			<key>children</key>
			<array>
				<string>990136411823B8B2008A5908</string>
				<string>9901367C1823B91B008A5908</string>
				<string>9901363F1823B8B2008A5908</string>
				<string>990136431823B8B2008A5908</string>
				<string>990136581823B8B2008A5908</string>
				<string>EA96B03EEE7C4CC0BE6C8056</string>
				<string>99894ACC182D0B27008705FD</string>
				<string>99894ACE182D0B27008705FD</string>
				<string>AD0789A6F2EC4971ABD3E7A4</string>
				<string>4BDBF1E2D6744E0C9F64AA32</string>
			</array>
			<key>isa</key>
			<string>PBXGroup</string>
			<key>name</key>
			<string>Frameworks</string>
			<key>sourceTree</key>
			<string>&lt;group&gt;</string>
		</dict>
		<key>9901363F1823B8B2008A5908</key>
		<dict>
			<key>isa</key>
			<string>PBXFileReference</string>
			<key>lastKnownFileType</key>
			<string>wrapper.framework</string>
			<key>name</key>
			<string>Foundation.framework</string>
			<key>path</key>
			<string>System/Library/Frameworks/Foundation.framework</string>
			<key>sourceTree</key>
			<string>SDKROOT</string>
		</dict>
		<key>990136401823B8B2008A5908</key>
		<dict>
			<key>fileRef</key>
			<string>9901363F1823B8B2008A5908</string>
			<key>isa</key>
			<string>PBXBuildFile</string>
		</dict>
		<key>990136411823B8B2008A5908</key>
		<dict>
			<key>isa</key>
			<string>PBXFileReference</string>
			<key>lastKnownFileType</key>
			<string>wrapper.framework</string>
			<key>name</key>
			<string>CoreGraphics.framework</string>
			<key>path</key>
			<string>System/Library/Frameworks/CoreGraphics.framework</string>
			<key>sourceTree</key>
			<string>SDKROOT</string>
		</dict>
		<key>990136421823B8B2008A5908</key>
		<dict>
			<key>fileRef</key>
			<string>990136411823B8B2008A5908</string>
			<key>isa</key>
			<string>PBXBuildFile</string>
		</dict>
		<key>990136431823B8B2008A5908</key>
		<dict>
			<key>isa</key>
			<string>PBXFileReference</string>
			<key>lastKnownFileType</key>
			<string>wrapper.framework</string>
			<key>name</key>
			<string>UIKit.framework</string>
			<key>path</key>
			<string>System/Library/Frameworks/UIKit.framework</string>
			<key>sourceTree</key>
			<string>SDKROOT</string>
		</dict>
		<key>990136441823B8B2008A5908</key>
		<dict>
			<key>fileRef</key>
			<string>990136431823B8B2008A5908</string>
			<key>isa</key>
			<string>PBXBuildFile</string>
		</dict>
		<key>990136451823B8B2008A5908</key>
		<dict>
			<key>children</key>
			<array>
				<string>9901364E1823B8B2008A5908</string>
				<string>9901364F1823B8B2008A5908</string>
				<string>9901367E1823C36E008A5908</string>
				<string>9901367F1823C36E008A5908</string>
				<string>990136511823B8B2008A5908</string>
				<string>990136461823B8B2008A5908</string>
			</array>
			<key>isa</key>
			<string>PBXGroup</string>
			<key>path</key>
			<string>GTFoundation</string>
			<key>sourceTree</key>
			<string>&lt;group&gt;</string>
		</dict>
		<key>990136461823B8B2008A5908</key>
		<dict>
			<key>children</key>
			<array>
				<string>990136471823B8B2008A5908</string>
				<string>990136481823B8B2008A5908</string>
				<string>9901364B1823B8B2008A5908</string>
				<string>9901364D1823B8B2008A5908</string>
			</array>
			<key>isa</key>
			<string>PBXGroup</string>
			<key>name</key>
			<string>Supporting Files</string>
			<key>sourceTree</key>
			<string>&lt;group&gt;</string>
		</dict>
		<key>990136471823B8B2008A5908</key>
		<dict>
			<key>isa</key>
			<string>PBXFileReference</string>
			<key>lastKnownFileType</key>
			<string>text.plist.xml</string>
			<key>path</key>
			<string>GTFoundation-Info.plist</string>
			<key>sourceTree</key>
			<string>&lt;group&gt;</string>
		</dict>
		<key>990136481823B8B2008A5908</key>
		<dict>
			<key>children</key>
			<array>
				<string>990136491823B8B2008A5908</string>
			</array>
			<key>isa</key>
			<string>PBXVariantGroup</string>
			<key>name</key>
			<string>InfoPlist.strings</string>
			<key>sourceTree</key>
			<string>&lt;group&gt;</string>
		</dict>
		<key>990136491823B8B2008A5908</key>
		<dict>
			<key>isa</key>
			<string>PBXFileReference</string>
			<key>lastKnownFileType</key>
			<string>text.plist.strings</string>
			<key>name</key>
			<string>en</string>
			<key>path</key>
			<string>en.lproj/InfoPlist.strings</string>
			<key>sourceTree</key>
			<string>&lt;group&gt;</string>
		</dict>
		<key>9901364A1823B8B2008A5908</key>
		<dict>
			<key>fileRef</key>
			<string>990136481823B8B2008A5908</string>
			<key>isa</key>
			<string>PBXBuildFile</string>
		</dict>
		<key>9901364B1823B8B2008A5908</key>
		<dict>
			<key>isa</key>
			<string>PBXFileReference</string>
			<key>lastKnownFileType</key>
			<string>sourcecode.c.objc</string>
			<key>path</key>
			<string>main.m</string>
			<key>sourceTree</key>
			<string>&lt;group&gt;</string>
		</dict>
		<key>9901364C1823B8B2008A5908</key>
		<dict>
			<key>fileRef</key>
			<string>9901364B1823B8B2008A5908</string>
			<key>isa</key>
			<string>PBXBuildFile</string>
		</dict>
		<key>9901364D1823B8B2008A5908</key>
		<dict>
			<key>isa</key>
			<string>PBXFileReference</string>
			<key>lastKnownFileType</key>
			<string>sourcecode.c.h</string>
			<key>path</key>
			<string>GTFoundation-Prefix.pch</string>
			<key>sourceTree</key>
			<string>&lt;group&gt;</string>
		</dict>
		<key>9901364E1823B8B2008A5908</key>
		<dict>
			<key>isa</key>
			<string>PBXFileReference</string>
			<key>lastKnownFileType</key>
			<string>sourcecode.c.h</string>
			<key>path</key>
			<string>GTAppDelegate.h</string>
			<key>sourceTree</key>
			<string>&lt;group&gt;</string>
		</dict>
		<key>9901364F1823B8B2008A5908</key>
		<dict>
			<key>isa</key>
			<string>PBXFileReference</string>
			<key>lastKnownFileType</key>
			<string>sourcecode.c.objc</string>
			<key>path</key>
			<string>GTAppDelegate.m</string>
			<key>sourceTree</key>
			<string>&lt;group&gt;</string>
		</dict>
		<key>990136501823B8B2008A5908</key>
		<dict>
			<key>fileRef</key>
			<string>9901364F1823B8B2008A5908</string>
			<key>isa</key>
			<string>PBXBuildFile</string>
		</dict>
		<key>990136511823B8B2008A5908</key>
		<dict>
			<key>isa</key>
			<string>PBXFileReference</string>
			<key>lastKnownFileType</key>
			<string>folder.assetcatalog</string>
			<key>path</key>
			<string>Images.xcassets</string>
			<key>sourceTree</key>
			<string>&lt;group&gt;</string>
		</dict>
		<key>990136521823B8B2008A5908</key>
		<dict>
			<key>fileRef</key>
			<string>990136511823B8B2008A5908</string>
			<key>isa</key>
			<string>PBXBuildFile</string>
		</dict>
		<key>990136531823B8B2008A5908</key>
		<dict>
			<key>buildActionMask</key>
			<string>2147483647</string>
			<key>files</key>
			<array>
				<string>990136651823B8B2008A5908</string>
			</array>
			<key>isa</key>
			<string>PBXSourcesBuildPhase</string>
			<key>runOnlyForDeploymentPostprocessing</key>
			<string>0</string>
		</dict>
		<key>990136541823B8B2008A5908</key>
		<dict>
			<key>buildActionMask</key>
			<string>2147483647</string>
			<key>files</key>
			<array>
				<string>990136591823B8B2008A5908</string>
				<string>9901365B1823B8B2008A5908</string>
				<string>9901365A1823B8B2008A5908</string>
			</array>
			<key>isa</key>
			<string>PBXFrameworksBuildPhase</string>
			<key>runOnlyForDeploymentPostprocessing</key>
			<string>0</string>
		</dict>
		<key>990136551823B8B2008A5908</key>
		<dict>
			<key>buildActionMask</key>
			<string>2147483647</string>
			<key>files</key>
			<array>
				<string>990136631823B8B2008A5908</string>
			</array>
			<key>isa</key>
			<string>PBXResourcesBuildPhase</string>
			<key>runOnlyForDeploymentPostprocessing</key>
			<string>0</string>
		</dict>
		<key>990136561823B8B2008A5908</key>
		<dict>
			<key>buildConfigurationList</key>
			<string>9901366B1823B8B3008A5908</string>
			<key>buildPhases</key>
			<array>
				<string>990136531823B8B2008A5908</string>
				<string>990136541823B8B2008A5908</string>
				<string>990136551823B8B2008A5908</string>
			</array>
			<key>buildRules</key>
			<array/>
			<key>dependencies</key>
			<array>
				<string>998B2AF9182D01D20085CE5F</string>
			</array>
			<key>isa</key>
			<string>PBXNativeTarget</string>
			<key>name</key>
			<string>GTFoundationTests</string>
			<key>productName</key>
			<string>GTFoundationTests</string>
			<key>productReference</key>
			<string>990136571823B8B2008A5908</string>
			<key>productType</key>
			<string>com.apple.product-type.bundle.unit-test</string>
		</dict>
		<key>990136571823B8B2008A5908</key>
		<dict>
			<key>explicitFileType</key>
			<string>wrapper.cfbundle</string>
			<key>includeInIndex</key>
			<string>0</string>
			<key>isa</key>
			<string>PBXFileReference</string>
			<key>path</key>
			<string>GTFoundationTests.xctest</string>
			<key>sourceTree</key>
			<string>BUILT_PRODUCTS_DIR</string>
		</dict>
		<key>990136581823B8B2008A5908</key>
		<dict>
			<key>isa</key>
			<string>PBXFileReference</string>
			<key>lastKnownFileType</key>
			<string>wrapper.framework</string>
			<key>name</key>
			<string>XCTest.framework</string>
			<key>path</key>
			<string>Library/Frameworks/XCTest.framework</string>
			<key>sourceTree</key>
			<string>DEVELOPER_DIR</string>
		</dict>
		<key>990136591823B8B2008A5908</key>
		<dict>
			<key>fileRef</key>
			<string>990136581823B8B2008A5908</string>
			<key>isa</key>
			<string>PBXBuildFile</string>
		</dict>
		<key>9901365A1823B8B2008A5908</key>
		<dict>
			<key>fileRef</key>
			<string>9901363F1823B8B2008A5908</string>
			<key>isa</key>
			<string>PBXBuildFile</string>
		</dict>
		<key>9901365B1823B8B2008A5908</key>
		<dict>
			<key>fileRef</key>
			<string>990136431823B8B2008A5908</string>
			<key>isa</key>
			<string>PBXBuildFile</string>
		</dict>
		<key>9901365E1823B8B2008A5908</key>
		<dict>
			<key>children</key>
			<array>
				<string>990136641823B8B2008A5908</string>
				<string>9901365F1823B8B2008A5908</string>
			</array>
			<key>isa</key>
			<string>PBXGroup</string>
			<key>path</key>
			<string>GTFoundationTests</string>
			<key>sourceTree</key>
			<string>&lt;group&gt;</string>
		</dict>
		<key>9901365F1823B8B2008A5908</key>
		<dict>
			<key>children</key>
			<array>
				<string>990136601823B8B2008A5908</string>
				<string>990136611823B8B2008A5908</string>
			</array>
			<key>isa</key>
			<string>PBXGroup</string>
			<key>name</key>
			<string>Supporting Files</string>
			<key>sourceTree</key>
			<string>&lt;group&gt;</string>
		</dict>
		<key>990136601823B8B2008A5908</key>
		<dict>
			<key>isa</key>
			<string>PBXFileReference</string>
			<key>lastKnownFileType</key>
			<string>text.plist.xml</string>
			<key>path</key>
			<string>GTFoundationTests-Info.plist</string>
			<key>sourceTree</key>
			<string>&lt;group&gt;</string>
		</dict>
		<key>990136611823B8B2008A5908</key>
		<dict>
			<key>children</key>
			<array>
				<string>990136621823B8B2008A5908</string>
			</array>
			<key>isa</key>
			<string>PBXVariantGroup</string>
			<key>name</key>
			<string>InfoPlist.strings</string>
			<key>sourceTree</key>
			<string>&lt;group&gt;</string>
		</dict>
		<key>990136621823B8B2008A5908</key>
		<dict>
			<key>isa</key>
			<string>PBXFileReference</string>
			<key>lastKnownFileType</key>
			<string>text.plist.strings</string>
			<key>name</key>
			<string>en</string>
			<key>path</key>
			<string>en.lproj/InfoPlist.strings</string>
			<key>sourceTree</key>
			<string>&lt;group&gt;</string>
		</dict>
		<key>990136631823B8B2008A5908</key>
		<dict>
			<key>fileRef</key>
			<string>990136611823B8B2008A5908</string>
			<key>isa</key>
			<string>PBXBuildFile</string>
		</dict>
		<key>990136641823B8B2008A5908</key>
		<dict>
			<key>isa</key>
			<string>PBXFileReference</string>
			<key>lastKnownFileType</key>
			<string>sourcecode.c.objc</string>
			<key>path</key>
			<string>GTFoundationTests.m</string>
			<key>sourceTree</key>
			<string>&lt;group&gt;</string>
		</dict>
		<key>990136651823B8B2008A5908</key>
		<dict>
			<key>fileRef</key>
			<string>990136641823B8B2008A5908</string>
			<key>isa</key>
			<string>PBXBuildFile</string>
		</dict>
		<key>990136661823B8B2008A5908</key>
		<dict>
			<key>buildSettings</key>
			<dict>
				<key>ALWAYS_SEARCH_USER_PATHS</key>
				<string>NO</string>
				<key>ARCHS</key>
				<string>$(ARCHS_STANDARD_INCLUDING_64_BIT)</string>
				<key>CLANG_CXX_LANGUAGE_STANDARD</key>
				<string>gnu++0x</string>
				<key>CLANG_CXX_LIBRARY</key>
				<string>libc++</string>
				<key>CLANG_ENABLE_MODULES</key>
				<string>YES</string>
				<key>CLANG_ENABLE_OBJC_ARC</key>
				<string>YES</string>
				<key>CLANG_WARN_BOOL_CONVERSION</key>
				<string>YES</string>
				<key>CLANG_WARN_CONSTANT_CONVERSION</key>
				<string>YES</string>
				<key>CLANG_WARN_DIRECT_OBJC_ISA_USAGE</key>
				<string>YES_ERROR</string>
				<key>CLANG_WARN_EMPTY_BODY</key>
				<string>YES</string>
				<key>CLANG_WARN_ENUM_CONVERSION</key>
				<string>YES</string>
				<key>CLANG_WARN_INT_CONVERSION</key>
				<string>YES</string>
				<key>CLANG_WARN_OBJC_ROOT_CLASS</key>
				<string>YES_ERROR</string>
				<key>CLANG_WARN__DUPLICATE_METHOD_MATCH</key>
				<string>YES</string>
				<key>CODE_SIGN_IDENTITY[sdk=iphoneos*]</key>
				<string>iPhone Developer</string>
				<key>COPY_PHASE_STRIP</key>
				<string>NO</string>
				<key>GCC_C_LANGUAGE_STANDARD</key>
				<string>gnu99</string>
				<key>GCC_DYNAMIC_NO_PIC</key>
				<string>NO</string>
				<key>GCC_OPTIMIZATION_LEVEL</key>
				<string>0</string>
				<key>GCC_PREPROCESSOR_DEFINITIONS</key>
				<array>
					<string>DEBUG=1</string>
					<string>$(inherited)</string>
				</array>
				<key>GCC_SYMBOLS_PRIVATE_EXTERN</key>
				<string>NO</string>
				<key>GCC_WARN_64_TO_32_BIT_CONVERSION</key>
				<string>YES</string>
				<key>GCC_WARN_ABOUT_RETURN_TYPE</key>
				<string>YES_ERROR</string>
				<key>GCC_WARN_UNDECLARED_SELECTOR</key>
				<string>YES</string>
				<key>GCC_WARN_UNINITIALIZED_AUTOS</key>
				<string>YES</string>
				<key>GCC_WARN_UNUSED_FUNCTION</key>
				<string>YES</string>
				<key>GCC_WARN_UNUSED_VARIABLE</key>
				<string>YES</string>
				<key>IPHONEOS_DEPLOYMENT_TARGET</key>
				<string>7.0</string>
				<key>ONLY_ACTIVE_ARCH</key>
				<string>YES</string>
				<key>SDKROOT</key>
				<string>iphoneos</string>
				<key>TARGETED_DEVICE_FAMILY</key>
				<string>1,2</string>
			</dict>
			<key>isa</key>
			<string>XCBuildConfiguration</string>
			<key>name</key>
			<string>Debug</string>
		</dict>
		<key>990136671823B8B2008A5908</key>
		<dict>
			<key>buildSettings</key>
			<dict>
				<key>ALWAYS_SEARCH_USER_PATHS</key>
				<string>NO</string>
				<key>ARCHS</key>
				<string>$(ARCHS_STANDARD_INCLUDING_64_BIT)</string>
				<key>CLANG_CXX_LANGUAGE_STANDARD</key>
				<string>gnu++0x</string>
				<key>CLANG_CXX_LIBRARY</key>
				<string>libc++</string>
				<key>CLANG_ENABLE_MODULES</key>
				<string>YES</string>
				<key>CLANG_ENABLE_OBJC_ARC</key>
				<string>YES</string>
				<key>CLANG_WARN_BOOL_CONVERSION</key>
				<string>YES</string>
				<key>CLANG_WARN_CONSTANT_CONVERSION</key>
				<string>YES</string>
				<key>CLANG_WARN_DIRECT_OBJC_ISA_USAGE</key>
				<string>YES_ERROR</string>
				<key>CLANG_WARN_EMPTY_BODY</key>
				<string>YES</string>
				<key>CLANG_WARN_ENUM_CONVERSION</key>
				<string>YES</string>
				<key>CLANG_WARN_INT_CONVERSION</key>
				<string>YES</string>
				<key>CLANG_WARN_OBJC_ROOT_CLASS</key>
				<string>YES_ERROR</string>
				<key>CLANG_WARN__DUPLICATE_METHOD_MATCH</key>
				<string>YES</string>
				<key>CODE_SIGN_IDENTITY[sdk=iphoneos*]</key>
				<string>iPhone Developer</string>
				<key>COPY_PHASE_STRIP</key>
				<string>YES</string>
				<key>ENABLE_NS_ASSERTIONS</key>
				<string>NO</string>
				<key>GCC_C_LANGUAGE_STANDARD</key>
				<string>gnu99</string>
				<key>GCC_WARN_64_TO_32_BIT_CONVERSION</key>
				<string>YES</string>
				<key>GCC_WARN_ABOUT_RETURN_TYPE</key>
				<string>YES_ERROR</string>
				<key>GCC_WARN_UNDECLARED_SELECTOR</key>
				<string>YES</string>
				<key>GCC_WARN_UNINITIALIZED_AUTOS</key>
				<string>YES</string>
				<key>GCC_WARN_UNUSED_FUNCTION</key>
				<string>YES</string>
				<key>GCC_WARN_UNUSED_VARIABLE</key>
				<string>YES</string>
				<key>IPHONEOS_DEPLOYMENT_TARGET</key>
				<string>7.0</string>
				<key>SDKROOT</key>
				<string>iphoneos</string>
				<key>TARGETED_DEVICE_FAMILY</key>
				<string>1,2</string>
				<key>VALIDATE_PRODUCT</key>
				<string>YES</string>
			</dict>
			<key>isa</key>
			<string>XCBuildConfiguration</string>
			<key>name</key>
			<string>Release</string>
		</dict>
		<key>990136681823B8B3008A5908</key>
		<dict>
			<key>buildConfigurations</key>
			<array>
				<string>990136691823B8B3008A5908</string>
				<string>9901366A1823B8B3008A5908</string>
			</array>
			<key>defaultConfigurationIsVisible</key>
			<string>0</string>
			<key>defaultConfigurationName</key>
			<string>Release</string>
			<key>isa</key>
			<string>XCConfigurationList</string>
		</dict>
		<key>990136691823B8B3008A5908</key>
		<dict>
			<key>baseConfigurationReference</key>
			<string>34EC92B70ED2220FD49C17AE</string>
			<key>buildSettings</key>
			<dict>
				<key>ASSETCATALOG_COMPILER_APPICON_NAME</key>
				<string>AppIcon</string>
				<key>ASSETCATALOG_COMPILER_LAUNCHIMAGE_NAME</key>
				<string>LaunchImage</string>
				<key>GCC_PRECOMPILE_PREFIX_HEADER</key>
				<string>YES</string>
				<key>GCC_PREFIX_HEADER</key>
				<string>GTFoundation/GTFoundation-Prefix.pch</string>
				<key>INFOPLIST_FILE</key>
				<string>GTFoundation/GTFoundation-Info.plist</string>
				<key>PRODUCT_NAME</key>
				<string>$(TARGET_NAME)</string>
				<key>WRAPPER_EXTENSION</key>
				<string>app</string>
			</dict>
			<key>isa</key>
			<string>XCBuildConfiguration</string>
			<key>name</key>
			<string>Debug</string>
		</dict>
		<key>9901366A1823B8B3008A5908</key>
		<dict>
			<key>baseConfigurationReference</key>
			<string>12BDF50695D55B6975D674AD</string>
			<key>buildSettings</key>
			<dict>
				<key>ASSETCATALOG_COMPILER_APPICON_NAME</key>
				<string>AppIcon</string>
				<key>ASSETCATALOG_COMPILER_LAUNCHIMAGE_NAME</key>
				<string>LaunchImage</string>
				<key>GCC_PRECOMPILE_PREFIX_HEADER</key>
				<string>YES</string>
				<key>GCC_PREFIX_HEADER</key>
				<string>GTFoundation/GTFoundation-Prefix.pch</string>
				<key>INFOPLIST_FILE</key>
				<string>GTFoundation/GTFoundation-Info.plist</string>
				<key>PRODUCT_NAME</key>
				<string>$(TARGET_NAME)</string>
				<key>WRAPPER_EXTENSION</key>
				<string>app</string>
			</dict>
			<key>isa</key>
			<string>XCBuildConfiguration</string>
			<key>name</key>
			<string>Release</string>
		</dict>
		<key>9901366B1823B8B3008A5908</key>
		<dict>
			<key>buildConfigurations</key>
			<array>
				<string>9901366C1823B8B3008A5908</string>
				<string>9901366D1823B8B3008A5908</string>
			</array>
			<key>defaultConfigurationIsVisible</key>
			<string>0</string>
			<key>defaultConfigurationName</key>
			<string>Release</string>
			<key>isa</key>
			<string>XCConfigurationList</string>
		</dict>
		<key>9901366C1823B8B3008A5908</key>
		<dict>
			<key>buildSettings</key>
			<dict>
				<key>ARCHS</key>
				<string>$(ARCHS_STANDARD_INCLUDING_64_BIT)</string>
				<key>BUNDLE_LOADER</key>
				<string>$(BUILT_PRODUCTS_DIR)/GTFoundation.app/GTFoundation</string>
				<key>FRAMEWORK_SEARCH_PATHS</key>
				<array>
					<string>$(SDKROOT)/Developer/Library/Frameworks</string>
					<string>$(inherited)</string>
					<string>$(DEVELOPER_FRAMEWORKS_DIR)</string>
				</array>
				<key>GCC_PRECOMPILE_PREFIX_HEADER</key>
				<string>YES</string>
				<key>GCC_PREFIX_HEADER</key>
				<string>GTFoundation/GTFoundation-Prefix.pch</string>
				<key>GCC_PREPROCESSOR_DEFINITIONS</key>
				<array>
					<string>DEBUG=1</string>
					<string>$(inherited)</string>
				</array>
				<key>INFOPLIST_FILE</key>
				<string>GTFoundationTests/GTFoundationTests-Info.plist</string>
				<key>PRODUCT_NAME</key>
				<string>$(TARGET_NAME)</string>
				<key>TEST_HOST</key>
				<string>$(BUNDLE_LOADER)</string>
				<key>WRAPPER_EXTENSION</key>
				<string>xctest</string>
			</dict>
			<key>isa</key>
			<string>XCBuildConfiguration</string>
			<key>name</key>
			<string>Debug</string>
		</dict>
		<key>9901366D1823B8B3008A5908</key>
		<dict>
			<key>buildSettings</key>
			<dict>
				<key>ARCHS</key>
				<string>$(ARCHS_STANDARD_INCLUDING_64_BIT)</string>
				<key>BUNDLE_LOADER</key>
				<string>$(BUILT_PRODUCTS_DIR)/GTFoundation.app/GTFoundation</string>
				<key>FRAMEWORK_SEARCH_PATHS</key>
				<array>
					<string>$(SDKROOT)/Developer/Library/Frameworks</string>
					<string>$(inherited)</string>
					<string>$(DEVELOPER_FRAMEWORKS_DIR)</string>
				</array>
				<key>GCC_PRECOMPILE_PREFIX_HEADER</key>
				<string>YES</string>
				<key>GCC_PREFIX_HEADER</key>
				<string>GTFoundation/GTFoundation-Prefix.pch</string>
				<key>INFOPLIST_FILE</key>
				<string>GTFoundationTests/GTFoundationTests-Info.plist</string>
				<key>PRODUCT_NAME</key>
				<string>$(TARGET_NAME)</string>
				<key>TEST_HOST</key>
				<string>$(BUNDLE_LOADER)</string>
				<key>WRAPPER_EXTENSION</key>
				<string>xctest</string>
			</dict>
			<key>isa</key>
			<string>XCBuildConfiguration</string>
			<key>name</key>
			<string>Release</string>
		</dict>
		<key>9901367C1823B91B008A5908</key>
		<dict>
			<key>isa</key>
			<string>PBXFileReference</string>
			<key>lastKnownFileType</key>
			<string>wrapper.framework</string>
			<key>name</key>
			<string>CoreLocation.framework</string>
			<key>path</key>
			<string>System/Library/Frameworks/CoreLocation.framework</string>
			<key>sourceTree</key>
			<string>SDKROOT</string>
		</dict>
		<key>9901367D1823B91B008A5908</key>
		<dict>
			<key>fileRef</key>
			<string>9901367C1823B91B008A5908</string>
			<key>isa</key>
			<string>PBXBuildFile</string>
		</dict>
		<key>9901367E1823C36E008A5908</key>
		<dict>
			<key>fileEncoding</key>
			<string>4</string>
			<key>isa</key>
			<string>PBXFileReference</string>
			<key>lastKnownFileType</key>
			<string>sourcecode.c.h</string>
			<key>path</key>
			<string>GTDemosListViewController.h</string>
			<key>sourceTree</key>
			<string>&lt;group&gt;</string>
		</dict>
		<key>9901367F1823C36E008A5908</key>
		<dict>
			<key>fileEncoding</key>
			<string>4</string>
			<key>isa</key>
			<string>PBXFileReference</string>
			<key>lastKnownFileType</key>
			<string>sourcecode.c.objc</string>
			<key>path</key>
			<string>GTDemosListViewController.m</string>
			<key>sourceTree</key>
			<string>&lt;group&gt;</string>
		</dict>
		<key>990136801823C36E008A5908</key>
		<dict>
			<key>fileRef</key>
			<string>9901367F1823C36E008A5908</string>
			<key>isa</key>
			<string>PBXBuildFile</string>
		</dict>
		<key>99894AC7182D0B27008705FD</key>
		<dict>
			<key>buildActionMask</key>
			<string>2147483647</string>
			<key>files</key>
			<array>
				<string>99894AD9182D0B27008705FD</string>
				<string>99894AE0182D0B27008705FD</string>
			</array>
			<key>isa</key>
			<string>PBXSourcesBuildPhase</string>
			<key>runOnlyForDeploymentPostprocessing</key>
			<string>0</string>
		</dict>
		<key>99894AC8182D0B27008705FD</key>
		<dict>
			<key>buildActionMask</key>
			<string>2147483647</string>
			<key>files</key>
			<array>
				<string>99894ACD182D0B27008705FD</string>
				<string>527E9CE6CBBC459F8EDFA034</string>
			</array>
			<key>isa</key>
			<string>PBXFrameworksBuildPhase</string>
			<key>runOnlyForDeploymentPostprocessing</key>
			<string>0</string>
		</dict>
		<key>99894AC9182D0B27008705FD</key>
		<dict>
			<key>buildActionMask</key>
			<string>2147483647</string>
			<key>files</key>
			<array>
				<string>99894AD7182D0B27008705FD</string>
				<string>99894AE5182D0B27008705FD</string>
				<string>99894ADD182D0B27008705FD</string>
				<string>99894AE3182D0B27008705FD</string>
			</array>
			<key>isa</key>
			<string>PBXResourcesBuildPhase</string>
			<key>runOnlyForDeploymentPostprocessing</key>
			<string>0</string>
		</dict>
		<key>99894ACA182D0B27008705FD</key>
		<dict>
			<key>buildConfigurationList</key>
			<string>99894AFB182D0B27008705FD</string>
			<key>buildPhases</key>
			<array>
				<string>5FD2D6F2AAD342D7A342D62E</string>
				<string>99894AC7182D0B27008705FD</string>
				<string>99894AC8182D0B27008705FD</string>
				<string>99894AC9182D0B27008705FD</string>
				<string>43759F2F061042DFBCCC30F5</string>
			</array>
			<key>buildRules</key>
			<array/>
			<key>dependencies</key>
			<array/>
			<key>isa</key>
			<string>PBXNativeTarget</string>
			<key>name</key>
			<string>GTFoundationMac</string>
			<key>productName</key>
			<string>GTFoundationMac</string>
			<key>productReference</key>
			<string>99894ACB182D0B27008705FD</string>
			<key>productType</key>
			<string>com.apple.product-type.application</string>
		</dict>
		<key>99894ACB182D0B27008705FD</key>
		<dict>
			<key>explicitFileType</key>
			<string>wrapper.application</string>
			<key>includeInIndex</key>
			<string>0</string>
			<key>isa</key>
			<string>PBXFileReference</string>
			<key>path</key>
			<string>GTFoundationMac.app</string>
			<key>sourceTree</key>
			<string>BUILT_PRODUCTS_DIR</string>
		</dict>
		<key>99894ACC182D0B27008705FD</key>
		<dict>
			<key>isa</key>
			<string>PBXFileReference</string>
			<key>lastKnownFileType</key>
			<string>wrapper.framework</string>
			<key>name</key>
			<string>Cocoa.framework</string>
			<key>path</key>
			<string>Library/Frameworks/Cocoa.framework</string>
			<key>sourceTree</key>
			<string>DEVELOPER_DIR</string>
		</dict>
		<key>99894ACD182D0B27008705FD</key>
		<dict>
			<key>fileRef</key>
			<string>99894ACC182D0B27008705FD</string>
			<key>isa</key>
			<string>PBXBuildFile</string>
		</dict>
		<key>99894ACE182D0B27008705FD</key>
		<dict>
			<key>children</key>
			<array>
				<string>99894ACF182D0B27008705FD</string>
				<string>99894AD0182D0B27008705FD</string>
				<string>99894AD1182D0B27008705FD</string>
			</array>
			<key>isa</key>
			<string>PBXGroup</string>
			<key>name</key>
			<string>Other Frameworks</string>
			<key>sourceTree</key>
			<string>&lt;group&gt;</string>
		</dict>
		<key>99894ACF182D0B27008705FD</key>
		<dict>
			<key>isa</key>
			<string>PBXFileReference</string>
			<key>lastKnownFileType</key>
			<string>wrapper.framework</string>
			<key>name</key>
			<string>AppKit.framework</string>
			<key>path</key>
			<string>Library/Frameworks/AppKit.framework</string>
			<key>sourceTree</key>
			<string>SDKROOT</string>
		</dict>
		<key>99894AD0182D0B27008705FD</key>
		<dict>
			<key>isa</key>
			<string>PBXFileReference</string>
			<key>lastKnownFileType</key>
			<string>wrapper.framework</string>
			<key>name</key>
			<string>CoreData.framework</string>
			<key>path</key>
			<string>Library/Frameworks/CoreData.framework</string>
			<key>sourceTree</key>
			<string>SDKROOT</string>
		</dict>
		<key>99894AD1182D0B27008705FD</key>
		<dict>
			<key>isa</key>
			<string>PBXFileReference</string>
			<key>lastKnownFileType</key>
			<string>wrapper.framework</string>
			<key>name</key>
			<string>Foundation.framework</string>
			<key>path</key>
			<string>Library/Frameworks/Foundation.framework</string>
			<key>sourceTree</key>
			<string>SDKROOT</string>
		</dict>
		<key>99894AD2182D0B27008705FD</key>
		<dict>
			<key>children</key>
			<array>
				<string>99894ADE182D0B27008705FD</string>
				<string>99894ADF182D0B27008705FD</string>
				<string>99894AE1182D0B27008705FD</string>
				<string>99894AE4182D0B27008705FD</string>
				<string>99894AD3182D0B27008705FD</string>
			</array>
			<key>isa</key>
			<string>PBXGroup</string>
			<key>path</key>
			<string>GTFoundationMac</string>
			<key>sourceTree</key>
			<string>&lt;group&gt;</string>
		</dict>
		<key>99894AD3182D0B27008705FD</key>
		<dict>
			<key>children</key>
			<array>
				<string>99894AD4182D0B27008705FD</string>
				<string>99894AD5182D0B27008705FD</string>
				<string>99894AD8182D0B27008705FD</string>
				<string>99894ADA182D0B27008705FD</string>
				<string>99894ADB182D0B27008705FD</string>
			</array>
			<key>isa</key>
			<string>PBXGroup</string>
			<key>name</key>
			<string>Supporting Files</string>
			<key>sourceTree</key>
			<string>&lt;group&gt;</string>
		</dict>
		<key>99894AD4182D0B27008705FD</key>
		<dict>
			<key>isa</key>
			<string>PBXFileReference</string>
			<key>lastKnownFileType</key>
			<string>text.plist.xml</string>
			<key>path</key>
			<string>GTFoundationMac-Info.plist</string>
			<key>sourceTree</key>
			<string>&lt;group&gt;</string>
		</dict>
		<key>99894AD5182D0B27008705FD</key>
		<dict>
			<key>children</key>
			<array>
				<string>99894AD6182D0B27008705FD</string>
			</array>
			<key>isa</key>
			<string>PBXVariantGroup</string>
			<key>name</key>
			<string>InfoPlist.strings</string>
			<key>sourceTree</key>
			<string>&lt;group&gt;</string>
		</dict>
		<key>99894AD6182D0B27008705FD</key>
		<dict>
			<key>isa</key>
			<string>PBXFileReference</string>
			<key>lastKnownFileType</key>
			<string>text.plist.strings</string>
			<key>name</key>
			<string>en</string>
			<key>path</key>
			<string>en.lproj/InfoPlist.strings</string>
			<key>sourceTree</key>
			<string>&lt;group&gt;</string>
		</dict>
		<key>99894AD7182D0B27008705FD</key>
		<dict>
			<key>fileRef</key>
			<string>99894AD5182D0B27008705FD</string>
			<key>isa</key>
			<string>PBXBuildFile</string>
		</dict>
		<key>99894AD8182D0B27008705FD</key>
		<dict>
			<key>isa</key>
			<string>PBXFileReference</string>
			<key>lastKnownFileType</key>
			<string>sourcecode.c.objc</string>
			<key>path</key>
			<string>main.m</string>
			<key>sourceTree</key>
			<string>&lt;group&gt;</string>
		</dict>
		<key>99894AD9182D0B27008705FD</key>
		<dict>
			<key>fileRef</key>
			<string>99894AD8182D0B27008705FD</string>
			<key>isa</key>
			<string>PBXBuildFile</string>
		</dict>
		<key>99894ADA182D0B27008705FD</key>
		<dict>
			<key>isa</key>
			<string>PBXFileReference</string>
			<key>lastKnownFileType</key>
			<string>sourcecode.c.h</string>
			<key>path</key>
			<string>GTFoundationMac-Prefix.pch</string>
			<key>sourceTree</key>
			<string>&lt;group&gt;</string>
		</dict>
		<key>99894ADB182D0B27008705FD</key>
		<dict>
			<key>children</key>
			<array>
				<string>99894ADC182D0B27008705FD</string>
			</array>
			<key>isa</key>
			<string>PBXVariantGroup</string>
			<key>name</key>
			<string>Credits.rtf</string>
			<key>sourceTree</key>
			<string>&lt;group&gt;</string>
		</dict>
		<key>99894ADC182D0B27008705FD</key>
		<dict>
			<key>isa</key>
			<string>PBXFileReference</string>
			<key>lastKnownFileType</key>
			<string>text.rtf</string>
			<key>name</key>
			<string>en</string>
			<key>path</key>
			<string>en.lproj/Credits.rtf</string>
			<key>sourceTree</key>
			<string>&lt;group&gt;</string>
		</dict>
		<key>99894ADD182D0B27008705FD</key>
		<dict>
			<key>fileRef</key>
			<string>99894ADB182D0B27008705FD</string>
			<key>isa</key>
			<string>PBXBuildFile</string>
		</dict>
		<key>99894ADE182D0B27008705FD</key>
		<dict>
			<key>isa</key>
			<string>PBXFileReference</string>
			<key>lastKnownFileType</key>
			<string>sourcecode.c.h</string>
			<key>path</key>
			<string>GTAppDelegate.h</string>
			<key>sourceTree</key>
			<string>&lt;group&gt;</string>
		</dict>
		<key>99894ADF182D0B27008705FD</key>
		<dict>
			<key>isa</key>
			<string>PBXFileReference</string>
			<key>lastKnownFileType</key>
			<string>sourcecode.c.objc</string>
			<key>path</key>
			<string>GTAppDelegate.m</string>
			<key>sourceTree</key>
			<string>&lt;group&gt;</string>
		</dict>
		<key>99894AE0182D0B27008705FD</key>
		<dict>
			<key>fileRef</key>
			<string>99894ADF182D0B27008705FD</string>
			<key>isa</key>
			<string>PBXBuildFile</string>
		</dict>
		<key>99894AE1182D0B27008705FD</key>
		<dict>
			<key>children</key>
			<array>
				<string>99894AE2182D0B27008705FD</string>
			</array>
			<key>isa</key>
			<string>PBXVariantGroup</string>
			<key>name</key>
			<string>MainMenu.xib</string>
			<key>sourceTree</key>
			<string>&lt;group&gt;</string>
		</dict>
		<key>99894AE2182D0B27008705FD</key>
		<dict>
			<key>isa</key>
			<string>PBXFileReference</string>
			<key>lastKnownFileType</key>
			<string>file.xib</string>
			<key>name</key>
			<string>Base</string>
			<key>path</key>
			<string>Base.lproj/MainMenu.xib</string>
			<key>sourceTree</key>
			<string>&lt;group&gt;</string>
		</dict>
		<key>99894AE3182D0B27008705FD</key>
		<dict>
			<key>fileRef</key>
			<string>99894AE1182D0B27008705FD</string>
			<key>isa</key>
			<string>PBXBuildFile</string>
		</dict>
		<key>99894AE4182D0B27008705FD</key>
		<dict>
			<key>isa</key>
			<string>PBXFileReference</string>
			<key>lastKnownFileType</key>
			<string>folder.assetcatalog</string>
			<key>path</key>
			<string>Images.xcassets</string>
			<key>sourceTree</key>
			<string>&lt;group&gt;</string>
		</dict>
		<key>99894AE5182D0B27008705FD</key>
		<dict>
			<key>fileRef</key>
			<string>99894AE4182D0B27008705FD</string>
			<key>isa</key>
			<string>PBXBuildFile</string>
		</dict>
		<key>99894AE6182D0B27008705FD</key>
		<dict>
			<key>buildActionMask</key>
			<string>2147483647</string>
			<key>files</key>
			<array>
				<string>99894AF6182D0B27008705FD</string>
			</array>
			<key>isa</key>
			<string>PBXSourcesBuildPhase</string>
			<key>runOnlyForDeploymentPostprocessing</key>
			<string>0</string>
		</dict>
		<key>99894AE7182D0B27008705FD</key>
		<dict>
			<key>buildActionMask</key>
			<string>2147483647</string>
			<key>files</key>
			<array>
				<string>99894AEC182D0B27008705FD</string>
				<string>99894AEB182D0B27008705FD</string>
			</array>
			<key>isa</key>
			<string>PBXFrameworksBuildPhase</string>
			<key>runOnlyForDeploymentPostprocessing</key>
			<string>0</string>
		</dict>
		<key>99894AE8182D0B27008705FD</key>
		<dict>
			<key>buildActionMask</key>
			<string>2147483647</string>
			<key>files</key>
			<array>
				<string>99894AF4182D0B27008705FD</string>
			</array>
			<key>isa</key>
			<string>PBXResourcesBuildPhase</string>
			<key>runOnlyForDeploymentPostprocessing</key>
			<string>0</string>
		</dict>
		<key>99894AE9182D0B27008705FD</key>
		<dict>
			<key>buildConfigurationList</key>
			<string>99894AFC182D0B27008705FD</string>
			<key>buildPhases</key>
			<array>
				<string>99894AE6182D0B27008705FD</string>
				<string>99894AE7182D0B27008705FD</string>
				<string>99894AE8182D0B27008705FD</string>
			</array>
			<key>buildRules</key>
			<array/>
			<key>dependencies</key>
			<array>
				<string>99894AEE182D0B27008705FD</string>
			</array>
			<key>isa</key>
			<string>PBXNativeTarget</string>
			<key>name</key>
			<string>GTFoundationMacTests</string>
			<key>productName</key>
			<string>GTFoundationMacTests</string>
			<key>productReference</key>
			<string>99894AEA182D0B27008705FD</string>
			<key>productType</key>
			<string>com.apple.product-type.bundle.unit-test</string>
		</dict>
		<key>99894AEA182D0B27008705FD</key>
		<dict>
			<key>explicitFileType</key>
			<string>wrapper.cfbundle</string>
			<key>includeInIndex</key>
			<string>0</string>
			<key>isa</key>
			<string>PBXFileReference</string>
			<key>path</key>
			<string>GTFoundationMacTests.xctest</string>
			<key>sourceTree</key>
			<string>BUILT_PRODUCTS_DIR</string>
		</dict>
		<key>99894AEB182D0B27008705FD</key>
		<dict>
			<key>fileRef</key>
			<string>990136581823B8B2008A5908</string>
			<key>isa</key>
			<string>PBXBuildFile</string>
		</dict>
		<key>99894AEC182D0B27008705FD</key>
		<dict>
			<key>fileRef</key>
			<string>99894ACC182D0B27008705FD</string>
			<key>isa</key>
			<string>PBXBuildFile</string>
		</dict>
		<key>99894AED182D0B27008705FD</key>
		<dict>
			<key>containerPortal</key>
			<string>990136341823B8B2008A5908</string>
			<key>isa</key>
			<string>PBXContainerItemProxy</string>
			<key>proxyType</key>
			<string>1</string>
			<key>remoteGlobalIDString</key>
			<string>99894ACA182D0B27008705FD</string>
			<key>remoteInfo</key>
			<string>GTFoundationMac</string>
		</dict>
		<key>99894AEE182D0B27008705FD</key>
		<dict>
			<key>isa</key>
			<string>PBXTargetDependency</string>
			<key>target</key>
			<string>99894ACA182D0B27008705FD</string>
			<key>targetProxy</key>
			<string>99894AED182D0B27008705FD</string>
		</dict>
		<key>99894AEF182D0B27008705FD</key>
		<dict>
			<key>children</key>
			<array>
				<string>99894AF5182D0B27008705FD</string>
				<string>99894AF0182D0B27008705FD</string>
			</array>
			<key>isa</key>
			<string>PBXGroup</string>
			<key>path</key>
			<string>GTFoundationMacTests</string>
			<key>sourceTree</key>
			<string>&lt;group&gt;</string>
		</dict>
		<key>99894AF0182D0B27008705FD</key>
		<dict>
			<key>children</key>
			<array>
				<string>99894AF1182D0B27008705FD</string>
				<string>99894AF2182D0B27008705FD</string>
			</array>
			<key>isa</key>
			<string>PBXGroup</string>
			<key>name</key>
			<string>Supporting Files</string>
			<key>sourceTree</key>
			<string>&lt;group&gt;</string>
		</dict>
		<key>99894AF1182D0B27008705FD</key>
		<dict>
			<key>isa</key>
			<string>PBXFileReference</string>
			<key>lastKnownFileType</key>
			<string>text.plist.xml</string>
			<key>path</key>
			<string>GTFoundationMacTests-Info.plist</string>
			<key>sourceTree</key>
			<string>&lt;group&gt;</string>
		</dict>
		<key>99894AF2182D0B27008705FD</key>
		<dict>
			<key>children</key>
			<array>
				<string>99894AF3182D0B27008705FD</string>
			</array>
			<key>isa</key>
			<string>PBXVariantGroup</string>
			<key>name</key>
			<string>InfoPlist.strings</string>
			<key>sourceTree</key>
			<string>&lt;group&gt;</string>
		</dict>
		<key>99894AF3182D0B27008705FD</key>
		<dict>
			<key>isa</key>
			<string>PBXFileReference</string>
			<key>lastKnownFileType</key>
			<string>text.plist.strings</string>
			<key>name</key>
			<string>en</string>
			<key>path</key>
			<string>en.lproj/InfoPlist.strings</string>
			<key>sourceTree</key>
			<string>&lt;group&gt;</string>
		</dict>
		<key>99894AF4182D0B27008705FD</key>
		<dict>
			<key>fileRef</key>
			<string>99894AF2182D0B27008705FD</string>
			<key>isa</key>
			<string>PBXBuildFile</string>
		</dict>
		<key>99894AF5182D0B27008705FD</key>
		<dict>
			<key>isa</key>
			<string>PBXFileReference</string>
			<key>lastKnownFileType</key>
			<string>sourcecode.c.objc</string>
			<key>path</key>
			<string>GTFoundationMacTests.m</string>
			<key>sourceTree</key>
			<string>&lt;group&gt;</string>
		</dict>
		<key>99894AF6182D0B27008705FD</key>
		<dict>
			<key>fileRef</key>
			<string>99894AF5182D0B27008705FD</string>
			<key>isa</key>
			<string>PBXBuildFile</string>
		</dict>
		<key>99894AF7182D0B27008705FD</key>
		<dict>
			<key>baseConfigurationReference</key>
			<string>0D6BB005E6BC93FABA619624</string>
			<key>buildSettings</key>
			<dict>
				<key>ASSETCATALOG_COMPILER_APPICON_NAME</key>
				<string>AppIcon</string>
				<key>COMBINE_HIDPI_IMAGES</key>
				<string>YES</string>
				<key>FRAMEWORK_SEARCH_PATHS</key>
				<array>
					<string>$(inherited)</string>
					<string>$(DEVELOPER_FRAMEWORKS_DIR)</string>
				</array>
				<key>GCC_ENABLE_OBJC_EXCEPTIONS</key>
				<string>YES</string>
				<key>GCC_PRECOMPILE_PREFIX_HEADER</key>
				<string>YES</string>
				<key>GCC_PREFIX_HEADER</key>
				<string>GTFoundationMac/GTFoundationMac-Prefix.pch</string>
				<key>GCC_PREPROCESSOR_DEFINITIONS</key>
				<array>
					<string>DEBUG=1</string>
					<string>$(inherited)</string>
				</array>
				<key>INFOPLIST_FILE</key>
				<string>GTFoundationMac/GTFoundationMac-Info.plist</string>
				<key>MACOSX_DEPLOYMENT_TARGET</key>
				<string>10.9</string>
				<key>PRODUCT_NAME</key>
				<string>$(TARGET_NAME)</string>
				<key>SDKROOT</key>
				<string>macosx</string>
				<key>WRAPPER_EXTENSION</key>
				<string>app</string>
			</dict>
			<key>isa</key>
			<string>XCBuildConfiguration</string>
			<key>name</key>
			<string>Debug</string>
		</dict>
		<key>99894AF8182D0B27008705FD</key>
		<dict>
			<key>baseConfigurationReference</key>
			<string>35035A6908AE075F2435800F</string>
			<key>buildSettings</key>
			<dict>
				<key>ASSETCATALOG_COMPILER_APPICON_NAME</key>
				<string>AppIcon</string>
				<key>COMBINE_HIDPI_IMAGES</key>
				<string>YES</string>
				<key>DEBUG_INFORMATION_FORMAT</key>
				<string>dwarf-with-dsym</string>
				<key>FRAMEWORK_SEARCH_PATHS</key>
				<array>
					<string>$(inherited)</string>
					<string>$(DEVELOPER_FRAMEWORKS_DIR)</string>
				</array>
				<key>GCC_ENABLE_OBJC_EXCEPTIONS</key>
				<string>YES</string>
				<key>GCC_PRECOMPILE_PREFIX_HEADER</key>
				<string>YES</string>
				<key>GCC_PREFIX_HEADER</key>
				<string>GTFoundationMac/GTFoundationMac-Prefix.pch</string>
				<key>INFOPLIST_FILE</key>
				<string>GTFoundationMac/GTFoundationMac-Info.plist</string>
				<key>MACOSX_DEPLOYMENT_TARGET</key>
				<string>10.9</string>
				<key>PRODUCT_NAME</key>
				<string>$(TARGET_NAME)</string>
				<key>SDKROOT</key>
				<string>macosx</string>
				<key>WRAPPER_EXTENSION</key>
				<string>app</string>
			</dict>
			<key>isa</key>
			<string>XCBuildConfiguration</string>
			<key>name</key>
			<string>Release</string>
		</dict>
		<key>99894AF9182D0B27008705FD</key>
		<dict>
			<key>buildSettings</key>
			<dict>
				<key>BUNDLE_LOADER</key>
				<string>$(BUILT_PRODUCTS_DIR)/GTFoundation.app/GTFoundation</string>
				<key>COMBINE_HIDPI_IMAGES</key>
				<string>YES</string>
				<key>FRAMEWORK_SEARCH_PATHS</key>
				<array>
					<string>$(DEVELOPER_FRAMEWORKS_DIR)</string>
					<string>$(inherited)</string>
				</array>
				<key>GCC_ENABLE_OBJC_EXCEPTIONS</key>
				<string>YES</string>
				<key>GCC_PRECOMPILE_PREFIX_HEADER</key>
				<string>YES</string>
				<key>GCC_PREFIX_HEADER</key>
				<string>GTFoundationMac/GTFoundationMac-Prefix.pch</string>
				<key>GCC_PREPROCESSOR_DEFINITIONS</key>
				<array>
					<string>DEBUG=1</string>
					<string>$(inherited)</string>
				</array>
				<key>INFOPLIST_FILE</key>
				<string>GTFoundationMacTests/GTFoundationMacTests-Info.plist</string>
				<key>MACOSX_DEPLOYMENT_TARGET</key>
				<string>10.9</string>
				<key>PRODUCT_NAME</key>
				<string>$(TARGET_NAME)</string>
				<key>SDKROOT</key>
				<string>macosx</string>
				<key>TEST_HOST</key>
				<string>$(BUNDLE_LOADER)</string>
				<key>WRAPPER_EXTENSION</key>
				<string>xctest</string>
			</dict>
			<key>isa</key>
			<string>XCBuildConfiguration</string>
			<key>name</key>
			<string>Debug</string>
		</dict>
		<key>99894AFA182D0B27008705FD</key>
		<dict>
			<key>buildSettings</key>
			<dict>
				<key>BUNDLE_LOADER</key>
				<string>$(BUILT_PRODUCTS_DIR)/GTFoundation.app/GTFoundation</string>
				<key>COMBINE_HIDPI_IMAGES</key>
				<string>YES</string>
				<key>DEBUG_INFORMATION_FORMAT</key>
				<string>dwarf-with-dsym</string>
				<key>FRAMEWORK_SEARCH_PATHS</key>
				<array>
					<string>$(DEVELOPER_FRAMEWORKS_DIR)</string>
					<string>$(inherited)</string>
				</array>
				<key>GCC_ENABLE_OBJC_EXCEPTIONS</key>
				<string>YES</string>
				<key>GCC_PRECOMPILE_PREFIX_HEADER</key>
				<string>YES</string>
				<key>GCC_PREFIX_HEADER</key>
				<string>GTFoundationMac/GTFoundationMac-Prefix.pch</string>
				<key>INFOPLIST_FILE</key>
				<string>GTFoundationMacTests/GTFoundationMacTests-Info.plist</string>
				<key>MACOSX_DEPLOYMENT_TARGET</key>
				<string>10.9</string>
				<key>PRODUCT_NAME</key>
				<string>$(TARGET_NAME)</string>
				<key>SDKROOT</key>
				<string>macosx</string>
				<key>TEST_HOST</key>
				<string>$(BUNDLE_LOADER)</string>
				<key>WRAPPER_EXTENSION</key>
				<string>xctest</string>
			</dict>
			<key>isa</key>
			<string>XCBuildConfiguration</string>
			<key>name</key>
			<string>Release</string>
		</dict>
		<key>99894AFB182D0B27008705FD</key>
		<dict>
			<key>buildConfigurations</key>
			<array>
				<string>99894AF7182D0B27008705FD</string>
				<string>99894AF8182D0B27008705FD</string>
			</array>
			<key>defaultConfigurationIsVisible</key>
			<string>0</string>
			<key>defaultConfigurationName</key>
			<string>Release</string>
			<key>isa</key>
			<string>XCConfigurationList</string>
		</dict>
		<key>99894AFC182D0B27008705FD</key>
		<dict>
			<key>buildConfigurations</key>
			<array>
				<string>99894AF9182D0B27008705FD</string>
				<string>99894AFA182D0B27008705FD</string>
			</array>
			<key>defaultConfigurationIsVisible</key>
			<string>0</string>
			<key>defaultConfigurationName</key>
			<string>Release</string>
			<key>isa</key>
			<string>XCConfigurationList</string>
		</dict>
		<key>998B2AF8182D01D20085CE5F</key>
		<dict>
			<key>containerPortal</key>
			<string>990136341823B8B2008A5908</string>
			<key>isa</key>
			<string>PBXContainerItemProxy</string>
			<key>proxyType</key>
			<string>1</string>
			<key>remoteGlobalIDString</key>
			<string>9901363B1823B8B2008A5908</string>
			<key>remoteInfo</key>
			<string>GTFoundation</string>
		</dict>
		<key>998B2AF9182D01D20085CE5F</key>
		<dict>
			<key>isa</key>
			<string>PBXTargetDependency</string>
			<key>target</key>
			<string>9901363B1823B8B2008A5908</string>
			<key>targetProxy</key>
			<string>998B2AF8182D01D20085CE5F</string>
		</dict>
		<key>9CBFFF8181904B758D3D04E1</key>
		<dict>
			<key>fileRef</key>
			<string>AD0789A6F2EC4971ABD3E7A4</string>
			<key>isa</key>
			<string>PBXBuildFile</string>
		</dict>
		<key>9F124A956B7B48D3BA4F18F8</key>
		<dict>
			<key>buildActionMask</key>
			<string>2147483647</string>
			<key>files</key>
			<array/>
			<key>inputPaths</key>
			<array/>
			<key>isa</key>
			<string>PBXShellScriptBuildPhase</string>
			<key>name</key>
			<string>Check Pods Manifest.lock</string>
			<key>outputPaths</key>
			<array/>
			<key>runOnlyForDeploymentPostprocessing</key>
			<string>0</string>
			<key>shellPath</key>
			<string>/bin/sh</string>
			<key>shellScript</key>
			<string>diff "${PODS_ROOT}/../Podfile.lock" "${PODS_ROOT}/Manifest.lock" &gt; /dev/null
if [[ $? != 0 ]] ; then
    cat &lt;&lt; EOM
error: The sandbox is not in sync with the Podfile.lock. Run 'pod install' or update your CocoaPods installation.
EOM
    exit 1
fi
</string>
			<key>showEnvVarsInLog</key>
			<string>0</string>
		</dict>
		<key>AD0789A6F2EC4971ABD3E7A4</key>
		<dict>
			<key>explicitFileType</key>
			<string>archive.ar</string>
			<key>includeInIndex</key>
			<string>0</string>
			<key>isa</key>
			<string>PBXFileReference</string>
			<key>path</key>
			<string>libPods-GTFoundation.a</string>
			<key>sourceTree</key>
			<string>BUILT_PRODUCTS_DIR</string>
		</dict>
		<key>B85A9E57E2B38E35F3269AEE</key>
		<dict>
			<key>children</key>
			<array>
				<string>34EC92B70ED2220FD49C17AE</string>
				<string>12BDF50695D55B6975D674AD</string>
				<string>0D6BB005E6BC93FABA619624</string>
				<string>35035A6908AE075F2435800F</string>
			</array>
			<key>isa</key>
			<string>PBXGroup</string>
			<key>name</key>
			<string>Pods</string>
			<key>sourceTree</key>
			<string>&lt;group&gt;</string>
		</dict>
		<key>CF544B69E80C46868E2D3F53</key>
		<dict>
			<key>buildActionMask</key>
			<string>2147483647</string>
			<key>files</key>
			<array/>
			<key>inputPaths</key>
			<array/>
			<key>isa</key>
			<string>PBXShellScriptBuildPhase</string>
			<key>name</key>
			<string>Copy Pods Resources</string>
			<key>outputPaths</key>
			<array/>
			<key>runOnlyForDeploymentPostprocessing</key>
			<string>0</string>
			<key>shellPath</key>
			<string>/bin/sh</string>
			<key>shellScript</key>
			<string>"${SRCROOT}/Pods/Target Support Files/Pods-GTFoundation/Pods-GTFoundation-resources.sh"
</string>
			<key>showEnvVarsInLog</key>
			<string>0</string>
		</dict>
		<key>EA96B03EEE7C4CC0BE6C8056</key>
		<dict>
			<key>explicitFileType</key>
			<string>archive.ar</string>
			<key>includeInIndex</key>
			<string>0</string>
			<key>isa</key>
			<string>PBXFileReference</string>
			<key>path</key>
			<string>libPods.a</string>
			<key>sourceTree</key>
			<string>BUILT_PRODUCTS_DIR</string>
		</dict>
	</dict>
	<key>rootObject</key>
	<string>990136341823B8B2008A5908</string>
</dict>
</plist>
