// !$*UTF8*$!
{
	archiveVersion = 1;
	classes = {
	};
	objectVersion = 46;
	objects = {

/* Begin PBXBuildFile section */
		5B1DF800A9064AB5A86FE750 /* libPods.a in Frameworks */ = {isa = PBXBuildFile; fileRef = EA96B03EEE7C4CC0BE6C8056 /* libPods.a */; };
		990136401823B8B2008A5908 /* Foundation.framework in Frameworks */ = {isa = PBXBuildFile; fileRef = 9901363F1823B8B2008A5908 /* Foundation.framework */; };
		990136421823B8B2008A5908 /* CoreGraphics.framework in Frameworks */ = {isa = PBXBuildFile; fileRef = 990136411823B8B2008A5908 /* CoreGraphics.framework */; };
		990136441823B8B2008A5908 /* UIKit.framework in Frameworks */ = {isa = PBXBuildFile; fileRef = 990136431823B8B2008A5908 /* UIKit.framework */; };
		9901364A1823B8B2008A5908 /* InfoPlist.strings in Resources */ = {isa = PBXBuildFile; fileRef = 990136481823B8B2008A5908 /* InfoPlist.strings */; };
		9901364C1823B8B2008A5908 /* main.m in Sources */ = {isa = PBXBuildFile; fileRef = 9901364B1823B8B2008A5908 /* main.m */; };
		990136501823B8B2008A5908 /* GTAppDelegate.m in Sources */ = {isa = PBXBuildFile; fileRef = 9901364F1823B8B2008A5908 /* GTAppDelegate.m */; };
		990136521823B8B2008A5908 /* Images.xcassets in Resources */ = {isa = PBXBuildFile; fileRef = 990136511823B8B2008A5908 /* Images.xcassets */; };
		990136591823B8B2008A5908 /* XCTest.framework in Frameworks */ = {isa = PBXBuildFile; fileRef = 990136581823B8B2008A5908 /* XCTest.framework */; };
		9901365A1823B8B2008A5908 /* Foundation.framework in Frameworks */ = {isa = PBXBuildFile; fileRef = 9901363F1823B8B2008A5908 /* Foundation.framework */; };
		9901365B1823B8B2008A5908 /* UIKit.framework in Frameworks */ = {isa = PBXBuildFile; fileRef = 990136431823B8B2008A5908 /* UIKit.framework */; };
		990136631823B8B2008A5908 /* InfoPlist.strings in Resources */ = {isa = PBXBuildFile; fileRef = 990136611823B8B2008A5908 /* InfoPlist.strings */; };
		990136651823B8B2008A5908 /* GTFoundationTests.m in Sources */ = {isa = PBXBuildFile; fileRef = 990136641823B8B2008A5908 /* GTFoundationTests.m */; };
		9901367D1823B91B008A5908 /* CoreLocation.framework in Frameworks */ = {isa = PBXBuildFile; fileRef = 9901367C1823B91B008A5908 /* CoreLocation.framework */; };
		990136801823C36E008A5908 /* GTDemosListViewController.m in Sources */ = {isa = PBXBuildFile; fileRef = 9901367F1823C36E008A5908 /* GTDemosListViewController.m */; };
		99894ACD182D0B27008705FD /* Cocoa.framework in Frameworks */ = {isa = PBXBuildFile; fileRef = 99894ACC182D0B27008705FD /* Cocoa.framework */; };
		99894AD7182D0B27008705FD /* InfoPlist.strings in Resources */ = {isa = PBXBuildFile; fileRef = 99894AD5182D0B27008705FD /* InfoPlist.strings */; };
		99894AD9182D0B27008705FD /* main.m in Sources */ = {isa = PBXBuildFile; fileRef = 99894AD8182D0B27008705FD /* main.m */; };
		99894ADD182D0B27008705FD /* Credits.rtf in Resources */ = {isa = PBXBuildFile; fileRef = 99894ADB182D0B27008705FD /* Credits.rtf */; };
		99894AE0182D0B27008705FD /* GTAppDelegate.m in Sources */ = {isa = PBXBuildFile; fileRef = 99894ADF182D0B27008705FD /* GTAppDelegate.m */; };
		99894AE3182D0B27008705FD /* MainMenu.xib in Resources */ = {isa = PBXBuildFile; fileRef = 99894AE1182D0B27008705FD /* MainMenu.xib */; };
		99894AE5182D0B27008705FD /* Images.xcassets in Resources */ = {isa = PBXBuildFile; fileRef = 99894AE4182D0B27008705FD /* Images.xcassets */; };
		99894AEB182D0B27008705FD /* XCTest.framework in Frameworks */ = {isa = PBXBuildFile; fileRef = 990136581823B8B2008A5908 /* XCTest.framework */; };
		99894AEC182D0B27008705FD /* Cocoa.framework in Frameworks */ = {isa = PBXBuildFile; fileRef = 99894ACC182D0B27008705FD /* Cocoa.framework */; };
		99894AF4182D0B27008705FD /* InfoPlist.strings in Resources */ = {isa = PBXBuildFile; fileRef = 99894AF2182D0B27008705FD /* InfoPlist.strings */; };
		99894AF6182D0B27008705FD /* GTFoundationMacTests.m in Sources */ = {isa = PBXBuildFile; fileRef = 99894AF5182D0B27008705FD /* GTFoundationMacTests.m */; };
/* End PBXBuildFile section */

/* Begin PBXContainerItemProxy section */
		99894AED182D0B27008705FD /* PBXContainerItemProxy */ = {
			isa = PBXContainerItemProxy;
			containerPortal = 990136341823B8B2008A5908 /* Project object */;
			proxyType = 1;
			remoteGlobalIDString = 99894ACA182D0B27008705FD;
			remoteInfo = GTFoundationMac;
		};
		998B2AF8182D01D20085CE5F /* PBXContainerItemProxy */ = {
			isa = PBXContainerItemProxy;
			containerPortal = 990136341823B8B2008A5908 /* Project object */;
			proxyType = 1;
			remoteGlobalIDString = 9901363B1823B8B2008A5908;
			remoteInfo = GTFoundation;
		};
/* End PBXContainerItemProxy section */

/* Begin PBXFileReference section */
		9901363C1823B8B2008A5908 /* GTFoundation.app */ = {isa = PBXFileReference; explicitFileType = wrapper.application; includeInIndex = 0; path = GTFoundation.app; sourceTree = BUILT_PRODUCTS_DIR; };
		9901363F1823B8B2008A5908 /* Foundation.framework */ = {isa = PBXFileReference; lastKnownFileType = wrapper.framework; name = Foundation.framework; path = System/Library/Frameworks/Foundation.framework; sourceTree = SDKROOT; };
		990136411823B8B2008A5908 /* CoreGraphics.framework */ = {isa = PBXFileReference; lastKnownFileType = wrapper.framework; name = CoreGraphics.framework; path = System/Library/Frameworks/CoreGraphics.framework; sourceTree = SDKROOT; };
		990136431823B8B2008A5908 /* UIKit.framework */ = {isa = PBXFileReference; lastKnownFileType = wrapper.framework; name = UIKit.framework; path = System/Library/Frameworks/UIKit.framework; sourceTree = SDKROOT; };
		990136471823B8B2008A5908 /* GTFoundation-Info.plist */ = {isa = PBXFileReference; lastKnownFileType = text.plist.xml; path = "GTFoundation-Info.plist"; sourceTree = "<group>"; };
		990136491823B8B2008A5908 /* en */ = {isa = PBXFileReference; lastKnownFileType = text.plist.strings; name = en; path = en.lproj/InfoPlist.strings; sourceTree = "<group>"; };
		9901364B1823B8B2008A5908 /* main.m */ = {isa = PBXFileReference; lastKnownFileType = sourcecode.c.objc; path = main.m; sourceTree = "<group>"; };
		9901364D1823B8B2008A5908 /* GTFoundation-Prefix.pch */ = {isa = PBXFileReference; lastKnownFileType = sourcecode.c.h; path = "GTFoundation-Prefix.pch"; sourceTree = "<group>"; };
		9901364E1823B8B2008A5908 /* GTAppDelegate.h */ = {isa = PBXFileReference; lastKnownFileType = sourcecode.c.h; path = GTAppDelegate.h; sourceTree = "<group>"; };
		9901364F1823B8B2008A5908 /* GTAppDelegate.m */ = {isa = PBXFileReference; lastKnownFileType = sourcecode.c.objc; path = GTAppDelegate.m; sourceTree = "<group>"; };
		990136511823B8B2008A5908 /* Images.xcassets */ = {isa = PBXFileReference; lastKnownFileType = folder.assetcatalog; path = Images.xcassets; sourceTree = "<group>"; };
		990136571823B8B2008A5908 /* GTFoundationTests.xctest */ = {isa = PBXFileReference; explicitFileType = wrapper.cfbundle; includeInIndex = 0; path = GTFoundationTests.xctest; sourceTree = BUILT_PRODUCTS_DIR; };
		990136581823B8B2008A5908 /* XCTest.framework */ = {isa = PBXFileReference; lastKnownFileType = wrapper.framework; name = XCTest.framework; path = Library/Frameworks/XCTest.framework; sourceTree = DEVELOPER_DIR; };
		990136601823B8B2008A5908 /* GTFoundationTests-Info.plist */ = {isa = PBXFileReference; lastKnownFileType = text.plist.xml; path = "GTFoundationTests-Info.plist"; sourceTree = "<group>"; };
		990136621823B8B2008A5908 /* en */ = {isa = PBXFileReference; lastKnownFileType = text.plist.strings; name = en; path = en.lproj/InfoPlist.strings; sourceTree = "<group>"; };
		990136641823B8B2008A5908 /* GTFoundationTests.m */ = {isa = PBXFileReference; lastKnownFileType = sourcecode.c.objc; path = GTFoundationTests.m; sourceTree = "<group>"; };
		9901367C1823B91B008A5908 /* CoreLocation.framework */ = {isa = PBXFileReference; lastKnownFileType = wrapper.framework; name = CoreLocation.framework; path = System/Library/Frameworks/CoreLocation.framework; sourceTree = SDKROOT; };
		9901367E1823C36E008A5908 /* GTDemosListViewController.h */ = {isa = PBXFileReference; fileEncoding = 4; lastKnownFileType = sourcecode.c.h; path = GTDemosListViewController.h; sourceTree = "<group>"; };
		9901367F1823C36E008A5908 /* GTDemosListViewController.m */ = {isa = PBXFileReference; fileEncoding = 4; lastKnownFileType = sourcecode.c.objc; path = GTDemosListViewController.m; sourceTree = "<group>"; };
		99894ACB182D0B27008705FD /* GTFoundationMac.app */ = {isa = PBXFileReference; explicitFileType = wrapper.application; includeInIndex = 0; path = GTFoundationMac.app; sourceTree = BUILT_PRODUCTS_DIR; };
		99894ACC182D0B27008705FD /* Cocoa.framework */ = {isa = PBXFileReference; lastKnownFileType = wrapper.framework; name = Cocoa.framework; path = Library/Frameworks/Cocoa.framework; sourceTree = DEVELOPER_DIR; };
		99894ACF182D0B27008705FD /* AppKit.framework */ = {isa = PBXFileReference; lastKnownFileType = wrapper.framework; name = AppKit.framework; path = Library/Frameworks/AppKit.framework; sourceTree = SDKROOT; };
		99894AD0182D0B27008705FD /* CoreData.framework */ = {isa = PBXFileReference; lastKnownFileType = wrapper.framework; name = CoreData.framework; path = Library/Frameworks/CoreData.framework; sourceTree = SDKROOT; };
		99894AD1182D0B27008705FD /* Foundation.framework */ = {isa = PBXFileReference; lastKnownFileType = wrapper.framework; name = Foundation.framework; path = Library/Frameworks/Foundation.framework; sourceTree = SDKROOT; };
		99894AD4182D0B27008705FD /* GTFoundationMac-Info.plist */ = {isa = PBXFileReference; lastKnownFileType = text.plist.xml; path = "GTFoundationMac-Info.plist"; sourceTree = "<group>"; };
		99894AD6182D0B27008705FD /* en */ = {isa = PBXFileReference; lastKnownFileType = text.plist.strings; name = en; path = en.lproj/InfoPlist.strings; sourceTree = "<group>"; };
		99894AD8182D0B27008705FD /* main.m */ = {isa = PBXFileReference; lastKnownFileType = sourcecode.c.objc; path = main.m; sourceTree = "<group>"; };
		99894ADA182D0B27008705FD /* GTFoundationMac-Prefix.pch */ = {isa = PBXFileReference; lastKnownFileType = sourcecode.c.h; path = "GTFoundationMac-Prefix.pch"; sourceTree = "<group>"; };
		99894ADC182D0B27008705FD /* en */ = {isa = PBXFileReference; lastKnownFileType = text.rtf; name = en; path = en.lproj/Credits.rtf; sourceTree = "<group>"; };
		99894ADE182D0B27008705FD /* GTAppDelegate.h */ = {isa = PBXFileReference; lastKnownFileType = sourcecode.c.h; path = GTAppDelegate.h; sourceTree = "<group>"; };
		99894ADF182D0B27008705FD /* GTAppDelegate.m */ = {isa = PBXFileReference; lastKnownFileType = sourcecode.c.objc; path = GTAppDelegate.m; sourceTree = "<group>"; };
		99894AE2182D0B27008705FD /* Base */ = {isa = PBXFileReference; lastKnownFileType = file.xib; name = Base; path = Base.lproj/MainMenu.xib; sourceTree = "<group>"; };
		99894AE4182D0B27008705FD /* Images.xcassets */ = {isa = PBXFileReference; lastKnownFileType = folder.assetcatalog; path = Images.xcassets; sourceTree = "<group>"; };
		99894AEA182D0B27008705FD /* GTFoundationMacTests.xctest */ = {isa = PBXFileReference; explicitFileType = wrapper.cfbundle; includeInIndex = 0; path = GTFoundationMacTests.xctest; sourceTree = BUILT_PRODUCTS_DIR; };
		99894AF1182D0B27008705FD /* GTFoundationMacTests-Info.plist */ = {isa = PBXFileReference; lastKnownFileType = text.plist.xml; path = "GTFoundationMacTests-Info.plist"; sourceTree = "<group>"; };
		99894AF3182D0B27008705FD /* en */ = {isa = PBXFileReference; lastKnownFileType = text.plist.strings; name = en; path = en.lproj/InfoPlist.strings; sourceTree = "<group>"; };
		99894AF5182D0B27008705FD /* GTFoundationMacTests.m */ = {isa = PBXFileReference; lastKnownFileType = sourcecode.c.objc; path = GTFoundationMacTests.m; sourceTree = "<group>"; };
		AC13115B844E4F77B7DEB00A /* Pods.xcconfig */ = {isa = PBXFileReference; includeInIndex = 1; lastKnownFileType = text.xcconfig; name = Pods.xcconfig; path = Pods/Pods.xcconfig; sourceTree = "<group>"; };
		EA96B03EEE7C4CC0BE6C8056 /* libPods.a */ = {isa = PBXFileReference; explicitFileType = archive.ar; includeInIndex = 0; path = libPods.a; sourceTree = BUILT_PRODUCTS_DIR; };
/* End PBXFileReference section */

/* Begin PBXFrameworksBuildPhase section */
		990136391823B8B2008A5908 /* Frameworks */ = {
			isa = PBXFrameworksBuildPhase;
			buildActionMask = 2147483647;
			files = (
				990136421823B8B2008A5908 /* CoreGraphics.framework in Frameworks */,
				9901367D1823B91B008A5908 /* CoreLocation.framework in Frameworks */,
				990136401823B8B2008A5908 /* Foundation.framework in Frameworks */,
				990136441823B8B2008A5908 /* UIKit.framework in Frameworks */,
				5B1DF800A9064AB5A86FE750 /* libPods.a in Frameworks */,
			);
			runOnlyForDeploymentPostprocessing = 0;
		};
		990136541823B8B2008A5908 /* Frameworks */ = {
			isa = PBXFrameworksBuildPhase;
			buildActionMask = 2147483647;
			files = (
				990136591823B8B2008A5908 /* XCTest.framework in Frameworks */,
				9901365B1823B8B2008A5908 /* UIKit.framework in Frameworks */,
				9901365A1823B8B2008A5908 /* Foundation.framework in Frameworks */,
			);
			runOnlyForDeploymentPostprocessing = 0;
		};
		99894AC8182D0B27008705FD /* Frameworks */ = {
			isa = PBXFrameworksBuildPhase;
			buildActionMask = 2147483647;
			files = (
				99894ACD182D0B27008705FD /* Cocoa.framework in Frameworks */,
			);
			runOnlyForDeploymentPostprocessing = 0;
		};
		99894AE7182D0B27008705FD /* Frameworks */ = {
			isa = PBXFrameworksBuildPhase;
			buildActionMask = 2147483647;
			files = (
				99894AEC182D0B27008705FD /* Cocoa.framework in Frameworks */,
				99894AEB182D0B27008705FD /* XCTest.framework in Frameworks */,
			);
			runOnlyForDeploymentPostprocessing = 0;
		};
/* End PBXFrameworksBuildPhase section */

/* Begin PBXGroup section */
		990136331823B8B2008A5908 = {
			isa = PBXGroup;
			children = (
				990136451823B8B2008A5908 /* GTFoundation */,
				9901365E1823B8B2008A5908 /* GTFoundationTests */,
				99894AD2182D0B27008705FD /* GTFoundationMac */,
				99894AEF182D0B27008705FD /* GTFoundationMacTests */,
				9901363E1823B8B2008A5908 /* Frameworks */,
				9901363D1823B8B2008A5908 /* Products */,
				AC13115B844E4F77B7DEB00A /* Pods.xcconfig */,
			);
			sourceTree = "<group>";
		};
		9901363D1823B8B2008A5908 /* Products */ = {
			isa = PBXGroup;
			children = (
				9901363C1823B8B2008A5908 /* GTFoundation.app */,
				990136571823B8B2008A5908 /* GTFoundationTests.xctest */,
				99894ACB182D0B27008705FD /* GTFoundationMac.app */,
				99894AEA182D0B27008705FD /* GTFoundationMacTests.xctest */,
			);
			name = Products;
			sourceTree = "<group>";
		};
		9901363E1823B8B2008A5908 /* Frameworks */ = {
			isa = PBXGroup;
			children = (
				990136411823B8B2008A5908 /* CoreGraphics.framework */,
				9901367C1823B91B008A5908 /* CoreLocation.framework */,
				9901363F1823B8B2008A5908 /* Foundation.framework */,
				990136431823B8B2008A5908 /* UIKit.framework */,
				990136581823B8B2008A5908 /* XCTest.framework */,
				EA96B03EEE7C4CC0BE6C8056 /* libPods.a */,
				99894ACC182D0B27008705FD /* Cocoa.framework */,
				99894ACE182D0B27008705FD /* Other Frameworks */,
			);
			name = Frameworks;
			sourceTree = "<group>";
		};
		990136451823B8B2008A5908 /* GTFoundation */ = {
			isa = PBXGroup;
			children = (
				9901364E1823B8B2008A5908 /* GTAppDelegate.h */,
				9901364F1823B8B2008A5908 /* GTAppDelegate.m */,
				9901367E1823C36E008A5908 /* GTDemosListViewController.h */,
				9901367F1823C36E008A5908 /* GTDemosListViewController.m */,
				990136511823B8B2008A5908 /* Images.xcassets */,
				990136461823B8B2008A5908 /* Supporting Files */,
			);
			path = GTFoundation;
			sourceTree = "<group>";
		};
		990136461823B8B2008A5908 /* Supporting Files */ = {
			isa = PBXGroup;
			children = (
				990136471823B8B2008A5908 /* GTFoundation-Info.plist */,
				990136481823B8B2008A5908 /* InfoPlist.strings */,
				9901364B1823B8B2008A5908 /* main.m */,
				9901364D1823B8B2008A5908 /* GTFoundation-Prefix.pch */,
			);
			name = "Supporting Files";
			sourceTree = "<group>";
		};
		9901365E1823B8B2008A5908 /* GTFoundationTests */ = {
			isa = PBXGroup;
			children = (
				990136641823B8B2008A5908 /* GTFoundationTests.m */,
				9901365F1823B8B2008A5908 /* Supporting Files */,
			);
			path = GTFoundationTests;
			sourceTree = "<group>";
		};
		9901365F1823B8B2008A5908 /* Supporting Files */ = {
			isa = PBXGroup;
			children = (
				990136601823B8B2008A5908 /* GTFoundationTests-Info.plist */,
				990136611823B8B2008A5908 /* InfoPlist.strings */,
			);
			name = "Supporting Files";
			sourceTree = "<group>";
		};
		99894ACE182D0B27008705FD /* Other Frameworks */ = {
			isa = PBXGroup;
			children = (
				99894ACF182D0B27008705FD /* AppKit.framework */,
				99894AD0182D0B27008705FD /* CoreData.framework */,
				99894AD1182D0B27008705FD /* Foundation.framework */,
			);
			name = "Other Frameworks";
			sourceTree = "<group>";
		};
		99894AD2182D0B27008705FD /* GTFoundationMac */ = {
			isa = PBXGroup;
			children = (
				99894ADE182D0B27008705FD /* GTAppDelegate.h */,
				99894ADF182D0B27008705FD /* GTAppDelegate.m */,
				99894AE1182D0B27008705FD /* MainMenu.xib */,
				99894AE4182D0B27008705FD /* Images.xcassets */,
				99894AD3182D0B27008705FD /* Supporting Files */,
			);
			path = GTFoundationMac;
			sourceTree = "<group>";
		};
		99894AD3182D0B27008705FD /* Supporting Files */ = {
			isa = PBXGroup;
			children = (
				99894AD4182D0B27008705FD /* GTFoundationMac-Info.plist */,
				99894AD5182D0B27008705FD /* InfoPlist.strings */,
				99894AD8182D0B27008705FD /* main.m */,
				99894ADA182D0B27008705FD /* GTFoundationMac-Prefix.pch */,
				99894ADB182D0B27008705FD /* Credits.rtf */,
			);
			name = "Supporting Files";
			sourceTree = "<group>";
		};
		99894AEF182D0B27008705FD /* GTFoundationMacTests */ = {
			isa = PBXGroup;
			children = (
				99894AF5182D0B27008705FD /* GTFoundationMacTests.m */,
				99894AF0182D0B27008705FD /* Supporting Files */,
			);
			path = GTFoundationMacTests;
			sourceTree = "<group>";
		};
		99894AF0182D0B27008705FD /* Supporting Files */ = {
			isa = PBXGroup;
			children = (
				99894AF1182D0B27008705FD /* GTFoundationMacTests-Info.plist */,
				99894AF2182D0B27008705FD /* InfoPlist.strings */,
			);
			name = "Supporting Files";
			sourceTree = "<group>";
		};
/* End PBXGroup section */

/* Begin PBXNativeTarget section */
		9901363B1823B8B2008A5908 /* GTFoundation */ = {
			isa = PBXNativeTarget;
			buildConfigurationList = 990136681823B8B3008A5908 /* Build configuration list for PBXNativeTarget "GTFoundation" */;
			buildPhases = (
				9F124A956B7B48D3BA4F18F8 /* Check Pods Manifest.lock */,
				990136381823B8B2008A5908 /* Sources */,
				990136391823B8B2008A5908 /* Frameworks */,
				9901363A1823B8B2008A5908 /* Resources */,
				CF544B69E80C46868E2D3F53 /* Copy Pods Resources */,
			);
			buildRules = (
			);
			dependencies = (
			);
			name = GTFoundation;
			productName = GTFoundation;
			productReference = 9901363C1823B8B2008A5908 /* GTFoundation.app */;
			productType = "com.apple.product-type.application";
		};
		990136561823B8B2008A5908 /* GTFoundationTests */ = {
			isa = PBXNativeTarget;
			buildConfigurationList = 9901366B1823B8B3008A5908 /* Build configuration list for PBXNativeTarget "GTFoundationTests" */;
			buildPhases = (
				990136531823B8B2008A5908 /* Sources */,
				990136541823B8B2008A5908 /* Frameworks */,
				990136551823B8B2008A5908 /* Resources */,
			);
			buildRules = (
			);
			dependencies = (
				998B2AF9182D01D20085CE5F /* PBXTargetDependency */,
			);
			name = GTFoundationTests;
			productName = GTFoundationTests;
			productReference = 990136571823B8B2008A5908 /* GTFoundationTests.xctest */;
			productType = "com.apple.product-type.bundle.unit-test";
		};
		99894ACA182D0B27008705FD /* GTFoundationMac */ = {
			isa = PBXNativeTarget;
			buildConfigurationList = 99894AFB182D0B27008705FD /* Build configuration list for PBXNativeTarget "GTFoundationMac" */;
			buildPhases = (
				99894AC7182D0B27008705FD /* Sources */,
				99894AC8182D0B27008705FD /* Frameworks */,
				99894AC9182D0B27008705FD /* Resources */,
			);
			buildRules = (
			);
			dependencies = (
			);
			name = GTFoundationMac;
			productName = GTFoundationMac;
			productReference = 99894ACB182D0B27008705FD /* GTFoundationMac.app */;
			productType = "com.apple.product-type.application";
		};
		99894AE9182D0B27008705FD /* GTFoundationMacTests */ = {
			isa = PBXNativeTarget;
			buildConfigurationList = 99894AFC182D0B27008705FD /* Build configuration list for PBXNativeTarget "GTFoundationMacTests" */;
			buildPhases = (
				99894AE6182D0B27008705FD /* Sources */,
				99894AE7182D0B27008705FD /* Frameworks */,
				99894AE8182D0B27008705FD /* Resources */,
			);
			buildRules = (
			);
			dependencies = (
				99894AEE182D0B27008705FD /* PBXTargetDependency */,
			);
			name = GTFoundationMacTests;
			productName = GTFoundationMacTests;
			productReference = 99894AEA182D0B27008705FD /* GTFoundationMacTests.xctest */;
			productType = "com.apple.product-type.bundle.unit-test";
		};
/* End PBXNativeTarget section */

/* Begin PBXProject section */
		990136341823B8B2008A5908 /* Project object */ = {
			isa = PBXProject;
			attributes = {
				CLASSPREFIX = GT;
				LastUpgradeCheck = 0500;
				ORGANIZATIONNAME = "Cocoa Beans GT Limited";
				TargetAttributes = {
					990136561823B8B2008A5908 = {
						TestTargetID = 9901363B1823B8B2008A5908;
					};
					99894AE9182D0B27008705FD = {
						TestTargetID = 9901363B1823B8B2008A5908;
					};
				};
			};
			buildConfigurationList = 990136371823B8B2008A5908 /* Build configuration list for PBXProject "GTFoundation" */;
			compatibilityVersion = "Xcode 3.2";
			developmentRegion = English;
			hasScannedForEncodings = 0;
			knownRegions = (
				en,
				Base,
			);
			mainGroup = 990136331823B8B2008A5908;
			productRefGroup = 9901363D1823B8B2008A5908 /* Products */;
			projectDirPath = "";
			projectRoot = "";
			targets = (
				9901363B1823B8B2008A5908 /* GTFoundation */,
				990136561823B8B2008A5908 /* GTFoundationTests */,
				99894ACA182D0B27008705FD /* GTFoundationMac */,
				99894AE9182D0B27008705FD /* GTFoundationMacTests */,
			);
		};
/* End PBXProject section */

/* Begin PBXResourcesBuildPhase section */
		9901363A1823B8B2008A5908 /* Resources */ = {
			isa = PBXResourcesBuildPhase;
			buildActionMask = 2147483647;
			files = (
				9901364A1823B8B2008A5908 /* InfoPlist.strings in Resources */,
				990136521823B8B2008A5908 /* Images.xcassets in Resources */,
			);
			runOnlyForDeploymentPostprocessing = 0;
		};
		990136551823B8B2008A5908 /* Resources */ = {
			isa = PBXResourcesBuildPhase;
			buildActionMask = 2147483647;
			files = (
				990136631823B8B2008A5908 /* InfoPlist.strings in Resources */,
			);
			runOnlyForDeploymentPostprocessing = 0;
		};
		99894AC9182D0B27008705FD /* Resources */ = {
			isa = PBXResourcesBuildPhase;
			buildActionMask = 2147483647;
			files = (
				99894AD7182D0B27008705FD /* InfoPlist.strings in Resources */,
				99894AE5182D0B27008705FD /* Images.xcassets in Resources */,
				99894ADD182D0B27008705FD /* Credits.rtf in Resources */,
				99894AE3182D0B27008705FD /* MainMenu.xib in Resources */,
			);
			runOnlyForDeploymentPostprocessing = 0;
		};
		99894AE8182D0B27008705FD /* Resources */ = {
			isa = PBXResourcesBuildPhase;
			buildActionMask = 2147483647;
			files = (
				99894AF4182D0B27008705FD /* InfoPlist.strings in Resources */,
			);
			runOnlyForDeploymentPostprocessing = 0;
		};
/* End PBXResourcesBuildPhase section */

/* Begin PBXShellScriptBuildPhase section */
		9F124A956B7B48D3BA4F18F8 /* Check Pods Manifest.lock */ = {
			isa = PBXShellScriptBuildPhase;
			buildActionMask = 2147483647;
			files = (
			);
			inputPaths = (
			);
			name = "Check Pods Manifest.lock";
			outputPaths = (
			);
			runOnlyForDeploymentPostprocessing = 0;
			shellPath = /bin/sh;
			shellScript = "diff \"${PODS_ROOT}/../Podfile.lock\" \"${PODS_ROOT}/Manifest.lock\" > /dev/null\nif [[ $? != 0 ]] ; then\n    cat << EOM\nerror: The sandbox is not in sync with the Podfile.lock. Run 'pod install' or update your CocoaPods installation.\nEOM\n    exit 1\nfi\n";
			showEnvVarsInLog = 0;
		};
		CF544B69E80C46868E2D3F53 /* Copy Pods Resources */ = {
			isa = PBXShellScriptBuildPhase;
			buildActionMask = 2147483647;
			files = (
			);
			inputPaths = (
			);
			name = "Copy Pods Resources";
			outputPaths = (
			);
			runOnlyForDeploymentPostprocessing = 0;
			shellPath = /bin/sh;
			shellScript = "\"${SRCROOT}/Pods/Pods-resources.sh\"\n";
			showEnvVarsInLog = 0;
		};
/* End PBXShellScriptBuildPhase section */

/* Begin PBXSourcesBuildPhase section */
		990136381823B8B2008A5908 /* Sources */ = {
			isa = PBXSourcesBuildPhase;
			buildActionMask = 2147483647;
			files = (
				990136801823C36E008A5908 /* GTDemosListViewController.m in Sources */,
				9901364C1823B8B2008A5908 /* main.m in Sources */,
				990136501823B8B2008A5908 /* GTAppDelegate.m in Sources */,
			);
			runOnlyForDeploymentPostprocessing = 0;
		};
		990136531823B8B2008A5908 /* Sources */ = {
			isa = PBXSourcesBuildPhase;
			buildActionMask = 2147483647;
			files = (
				990136651823B8B2008A5908 /* GTFoundationTests.m in Sources */,
			);
			runOnlyForDeploymentPostprocessing = 0;
		};
		99894AC7182D0B27008705FD /* Sources */ = {
			isa = PBXSourcesBuildPhase;
			buildActionMask = 2147483647;
			files = (
				99894AD9182D0B27008705FD /* main.m in Sources */,
				99894AE0182D0B27008705FD /* GTAppDelegate.m in Sources */,
			);
			runOnlyForDeploymentPostprocessing = 0;
		};
		99894AE6182D0B27008705FD /* Sources */ = {
			isa = PBXSourcesBuildPhase;
			buildActionMask = 2147483647;
			files = (
				99894AF6182D0B27008705FD /* GTFoundationMacTests.m in Sources */,
			);
			runOnlyForDeploymentPostprocessing = 0;
		};
/* End PBXSourcesBuildPhase section */

/* Begin PBXTargetDependency section */
		99894AEE182D0B27008705FD /* PBXTargetDependency */ = {
			isa = PBXTargetDependency;
			target = 99894ACA182D0B27008705FD /* GTFoundationMac */;
			targetProxy = 99894AED182D0B27008705FD /* PBXContainerItemProxy */;
		};
		998B2AF9182D01D20085CE5F /* PBXTargetDependency */ = {
			isa = PBXTargetDependency;
			target = 9901363B1823B8B2008A5908 /* GTFoundation */;
			targetProxy = 998B2AF8182D01D20085CE5F /* PBXContainerItemProxy */;
		};
/* End PBXTargetDependency section */

/* Begin PBXVariantGroup section */
		990136481823B8B2008A5908 /* InfoPlist.strings */ = {
			isa = PBXVariantGroup;
			children = (
				990136491823B8B2008A5908 /* en */,
			);
			name = InfoPlist.strings;
			sourceTree = "<group>";
		};
		990136611823B8B2008A5908 /* InfoPlist.strings */ = {
			isa = PBXVariantGroup;
			children = (
				990136621823B8B2008A5908 /* en */,
			);
			name = InfoPlist.strings;
			sourceTree = "<group>";
		};
		99894AD5182D0B27008705FD /* InfoPlist.strings */ = {
			isa = PBXVariantGroup;
			children = (
				99894AD6182D0B27008705FD /* en */,
			);
			name = InfoPlist.strings;
			sourceTree = "<group>";
		};
		99894ADB182D0B27008705FD /* Credits.rtf */ = {
			isa = PBXVariantGroup;
			children = (
				99894ADC182D0B27008705FD /* en */,
			);
			name = Credits.rtf;
			sourceTree = "<group>";
		};
		99894AE1182D0B27008705FD /* MainMenu.xib */ = {
			isa = PBXVariantGroup;
			children = (
				99894AE2182D0B27008705FD /* Base */,
			);
			name = MainMenu.xib;
			sourceTree = "<group>";
		};
		99894AF2182D0B27008705FD /* InfoPlist.strings */ = {
			isa = PBXVariantGroup;
			children = (
				99894AF3182D0B27008705FD /* en */,
			);
			name = InfoPlist.strings;
			sourceTree = "<group>";
		};
/* End PBXVariantGroup section */

/* Begin XCBuildConfiguration section */
		990136661823B8B2008A5908 /* Debug */ = {
			isa = XCBuildConfiguration;
			buildSettings = {
				ALWAYS_SEARCH_USER_PATHS = NO;
				ARCHS = "$(ARCHS_STANDARD_INCLUDING_64_BIT)";
				CLANG_CXX_LANGUAGE_STANDARD = "gnu++0x";
				CLANG_CXX_LIBRARY = "libc++";
				CLANG_ENABLE_MODULES = YES;
				CLANG_ENABLE_OBJC_ARC = YES;
				CLANG_WARN_BOOL_CONVERSION = YES;
				CLANG_WARN_CONSTANT_CONVERSION = YES;
				CLANG_WARN_DIRECT_OBJC_ISA_USAGE = YES_ERROR;
				CLANG_WARN_EMPTY_BODY = YES;
				CLANG_WARN_ENUM_CONVERSION = YES;
				CLANG_WARN_INT_CONVERSION = YES;
				CLANG_WARN_OBJC_ROOT_CLASS = YES_ERROR;
				CLANG_WARN__DUPLICATE_METHOD_MATCH = YES;
				"CODE_SIGN_IDENTITY[sdk=iphoneos*]" = "iPhone Developer";
				COPY_PHASE_STRIP = NO;
				GCC_C_LANGUAGE_STANDARD = gnu99;
				GCC_DYNAMIC_NO_PIC = NO;
				GCC_OPTIMIZATION_LEVEL = 0;
				GCC_PREPROCESSOR_DEFINITIONS = (
					"DEBUG=1",
					"$(inherited)",
				);
				GCC_SYMBOLS_PRIVATE_EXTERN = NO;
				GCC_WARN_64_TO_32_BIT_CONVERSION = YES;
				GCC_WARN_ABOUT_RETURN_TYPE = YES_ERROR;
				GCC_WARN_UNDECLARED_SELECTOR = YES;
				GCC_WARN_UNINITIALIZED_AUTOS = YES;
				GCC_WARN_UNUSED_FUNCTION = YES;
				GCC_WARN_UNUSED_VARIABLE = YES;
				IPHONEOS_DEPLOYMENT_TARGET = 7.0;
				ONLY_ACTIVE_ARCH = YES;
				SDKROOT = iphoneos;
				TARGETED_DEVICE_FAMILY = "1,2";
			};
			name = Debug;
		};
		990136671823B8B2008A5908 /* Release */ = {
			isa = XCBuildConfiguration;
			buildSettings = {
				ALWAYS_SEARCH_USER_PATHS = NO;
				ARCHS = "$(ARCHS_STANDARD_INCLUDING_64_BIT)";
				CLANG_CXX_LANGUAGE_STANDARD = "gnu++0x";
				CLANG_CXX_LIBRARY = "libc++";
				CLANG_ENABLE_MODULES = YES;
				CLANG_ENABLE_OBJC_ARC = YES;
				CLANG_WARN_BOOL_CONVERSION = YES;
				CLANG_WARN_CONSTANT_CONVERSION = YES;
				CLANG_WARN_DIRECT_OBJC_ISA_USAGE = YES_ERROR;
				CLANG_WARN_EMPTY_BODY = YES;
				CLANG_WARN_ENUM_CONVERSION = YES;
				CLANG_WARN_INT_CONVERSION = YES;
				CLANG_WARN_OBJC_ROOT_CLASS = YES_ERROR;
				CLANG_WARN__DUPLICATE_METHOD_MATCH = YES;
				"CODE_SIGN_IDENTITY[sdk=iphoneos*]" = "iPhone Developer";
				COPY_PHASE_STRIP = YES;
				ENABLE_NS_ASSERTIONS = NO;
				GCC_C_LANGUAGE_STANDARD = gnu99;
				GCC_WARN_64_TO_32_BIT_CONVERSION = YES;
				GCC_WARN_ABOUT_RETURN_TYPE = YES_ERROR;
				GCC_WARN_UNDECLARED_SELECTOR = YES;
				GCC_WARN_UNINITIALIZED_AUTOS = YES;
				GCC_WARN_UNUSED_FUNCTION = YES;
				GCC_WARN_UNUSED_VARIABLE = YES;
				IPHONEOS_DEPLOYMENT_TARGET = 7.0;
				SDKROOT = iphoneos;
				TARGETED_DEVICE_FAMILY = "1,2";
				VALIDATE_PRODUCT = YES;
			};
			name = Release;
		};
		990136691823B8B3008A5908 /* Debug */ = {
			isa = XCBuildConfiguration;
			baseConfigurationReference = AC13115B844E4F77B7DEB00A /* Pods.xcconfig */;
			buildSettings = {
				ASSETCATALOG_COMPILER_APPICON_NAME = AppIcon;
				ASSETCATALOG_COMPILER_LAUNCHIMAGE_NAME = LaunchImage;
				GCC_PRECOMPILE_PREFIX_HEADER = YES;
				GCC_PREFIX_HEADER = "GTFoundation/GTFoundation-Prefix.pch";
				INFOPLIST_FILE = "GTFoundation/GTFoundation-Info.plist";
				PRODUCT_NAME = "$(TARGET_NAME)";
				WRAPPER_EXTENSION = app;
			};
			name = Debug;
		};
		9901366A1823B8B3008A5908 /* Release */ = {
			isa = XCBuildConfiguration;
			baseConfigurationReference = AC13115B844E4F77B7DEB00A /* Pods.xcconfig */;
			buildSettings = {
				ASSETCATALOG_COMPILER_APPICON_NAME = AppIcon;
				ASSETCATALOG_COMPILER_LAUNCHIMAGE_NAME = LaunchImage;
				GCC_PRECOMPILE_PREFIX_HEADER = YES;
				GCC_PREFIX_HEADER = "GTFoundation/GTFoundation-Prefix.pch";
				INFOPLIST_FILE = "GTFoundation/GTFoundation-Info.plist";
				PRODUCT_NAME = "$(TARGET_NAME)";
				WRAPPER_EXTENSION = app;
			};
			name = Release;
		};
		9901366C1823B8B3008A5908 /* Debug */ = {
			isa = XCBuildConfiguration;
			buildSettings = {
				ARCHS = "$(ARCHS_STANDARD_INCLUDING_64_BIT)";
				BUNDLE_LOADER = "$(BUILT_PRODUCTS_DIR)/GTFoundation.app/GTFoundation";
				FRAMEWORK_SEARCH_PATHS = (
					"$(SDKROOT)/Developer/Library/Frameworks",
					"$(inherited)",
					"$(DEVELOPER_FRAMEWORKS_DIR)",
				);
				GCC_PRECOMPILE_PREFIX_HEADER = YES;
				GCC_PREFIX_HEADER = "GTFoundation/GTFoundation-Prefix.pch";
				GCC_PREPROCESSOR_DEFINITIONS = (
					"DEBUG=1",
					"$(inherited)",
				);
				INFOPLIST_FILE = "GTFoundationTests/GTFoundationTests-Info.plist";
				PRODUCT_NAME = "$(TARGET_NAME)";
				TEST_HOST = "$(BUNDLE_LOADER)";
				WRAPPER_EXTENSION = xctest;
			};
			name = Debug;
		};
		9901366D1823B8B3008A5908 /* Release */ = {
			isa = XCBuildConfiguration;
			buildSettings = {
				ARCHS = "$(ARCHS_STANDARD_INCLUDING_64_BIT)";
				BUNDLE_LOADER = "$(BUILT_PRODUCTS_DIR)/GTFoundation.app/GTFoundation";
				FRAMEWORK_SEARCH_PATHS = (
					"$(SDKROOT)/Developer/Library/Frameworks",
					"$(inherited)",
					"$(DEVELOPER_FRAMEWORKS_DIR)",
				);
				GCC_PRECOMPILE_PREFIX_HEADER = YES;
				GCC_PREFIX_HEADER = "GTFoundation/GTFoundation-Prefix.pch";
				INFOPLIST_FILE = "GTFoundationTests/GTFoundationTests-Info.plist";
				PRODUCT_NAME = "$(TARGET_NAME)";
				TEST_HOST = "$(BUNDLE_LOADER)";
				WRAPPER_EXTENSION = xctest;
			};
			name = Release;
		};
		99894AF7182D0B27008705FD /* Debug */ = {
			isa = XCBuildConfiguration;
			buildSettings = {
				ASSETCATALOG_COMPILER_APPICON_NAME = AppIcon;
				COMBINE_HIDPI_IMAGES = YES;
				FRAMEWORK_SEARCH_PATHS = (
					"$(inherited)",
					"$(DEVELOPER_FRAMEWORKS_DIR)",
				);
				GCC_ENABLE_OBJC_EXCEPTIONS = YES;
				GCC_PRECOMPILE_PREFIX_HEADER = YES;
				GCC_PREFIX_HEADER = "GTFoundationMac/GTFoundationMac-Prefix.pch";
				GCC_PREPROCESSOR_DEFINITIONS = (
					"DEBUG=1",
					"$(inherited)",
				);
				INFOPLIST_FILE = "GTFoundationMac/GTFoundationMac-Info.plist";
				MACOSX_DEPLOYMENT_TARGET = 10.9;
				PRODUCT_NAME = "$(TARGET_NAME)";
				SDKROOT = macosx;
				WRAPPER_EXTENSION = app;
			};
			name = Debug;
		};
		99894AF8182D0B27008705FD /* Release */ = {
			isa = XCBuildConfiguration;
			buildSettings = {
				ASSETCATALOG_COMPILER_APPICON_NAME = AppIcon;
				COMBINE_HIDPI_IMAGES = YES;
				DEBUG_INFORMATION_FORMAT = "dwarf-with-dsym";
				FRAMEWORK_SEARCH_PATHS = (
					"$(inherited)",
					"$(DEVELOPER_FRAMEWORKS_DIR)",
				);
				GCC_ENABLE_OBJC_EXCEPTIONS = YES;
				GCC_PRECOMPILE_PREFIX_HEADER = YES;
				GCC_PREFIX_HEADER = "GTFoundationMac/GTFoundationMac-Prefix.pch";
				INFOPLIST_FILE = "GTFoundationMac/GTFoundationMac-Info.plist";
				MACOSX_DEPLOYMENT_TARGET = 10.9;
				PRODUCT_NAME = "$(TARGET_NAME)";
				SDKROOT = macosx;
				WRAPPER_EXTENSION = app;
			};
			name = Release;
		};
		99894AF9182D0B27008705FD /* Debug */ = {
			isa = XCBuildConfiguration;
			buildSettings = {
				BUNDLE_LOADER = "$(BUILT_PRODUCTS_DIR)/GTFoundation.app/GTFoundation";
				COMBINE_HIDPI_IMAGES = YES;
				FRAMEWORK_SEARCH_PATHS = (
					"$(DEVELOPER_FRAMEWORKS_DIR)",
					"$(inherited)",
				);
				GCC_ENABLE_OBJC_EXCEPTIONS = YES;
				GCC_PRECOMPILE_PREFIX_HEADER = YES;
				GCC_PREFIX_HEADER = "GTFoundationMac/GTFoundationMac-Prefix.pch";
				GCC_PREPROCESSOR_DEFINITIONS = (
					"DEBUG=1",
					"$(inherited)",
				);
				INFOPLIST_FILE = "GTFoundationMacTests/GTFoundationMacTests-Info.plist";
				MACOSX_DEPLOYMENT_TARGET = 10.9;
				PRODUCT_NAME = "$(TARGET_NAME)";
				SDKROOT = macosx;
				TEST_HOST = "$(BUNDLE_LOADER)";
				WRAPPER_EXTENSION = xctest;
			};
			name = Debug;
		};
		99894AFA182D0B27008705FD /* Release */ = {
			isa = XCBuildConfiguration;
			buildSettings = {
				BUNDLE_LOADER = "$(BUILT_PRODUCTS_DIR)/GTFoundation.app/GTFoundation";
				COMBINE_HIDPI_IMAGES = YES;
				DEBUG_INFORMATION_FORMAT = "dwarf-with-dsym";
				FRAMEWORK_SEARCH_PATHS = (
					"$(DEVELOPER_FRAMEWORKS_DIR)",
					"$(inherited)",
				);
				GCC_ENABLE_OBJC_EXCEPTIONS = YES;
				GCC_PRECOMPILE_PREFIX_HEADER = YES;
				GCC_PREFIX_HEADER = "GTFoundationMac/GTFoundationMac-Prefix.pch";
				INFOPLIST_FILE = "GTFoundationMacTests/GTFoundationMacTests-Info.plist";
				MACOSX_DEPLOYMENT_TARGET = 10.9;
				PRODUCT_NAME = "$(TARGET_NAME)";
				SDKROOT = macosx;
				TEST_HOST = "$(BUNDLE_LOADER)";
				WRAPPER_EXTENSION = xctest;
			};
			name = Release;
		};
/* End XCBuildConfiguration section */

/* Begin XCConfigurationList section */
		990136371823B8B2008A5908 /* Build configuration list for PBXProject "GTFoundation" */ = {
			isa = XCConfigurationList;
			buildConfigurations = (
				990136661823B8B2008A5908 /* Debug */,
				990136671823B8B2008A5908 /* Release */,
			);
			defaultConfigurationIsVisible = 0;
			defaultConfigurationName = Release;
		};
		990136681823B8B3008A5908 /* Build configuration list for PBXNativeTarget "GTFoundation" */ = {
			isa = XCConfigurationList;
			buildConfigurations = (
				990136691823B8B3008A5908 /* Debug */,
				9901366A1823B8B3008A5908 /* Release */,
			);
			defaultConfigurationIsVisible = 0;
			defaultConfigurationName = Release;
		};
		9901366B1823B8B3008A5908 /* Build configuration list for PBXNativeTarget "GTFoundationTests" */ = {
			isa = XCConfigurationList;
			buildConfigurations = (
				9901366C1823B8B3008A5908 /* Debug */,
				9901366D1823B8B3008A5908 /* Release */,
			);
			defaultConfigurationIsVisible = 0;
			defaultConfigurationName = Release;
		};
		99894AFB182D0B27008705FD /* Build configuration list for PBXNativeTarget "GTFoundationMac" */ = {
			isa = XCConfigurationList;
			buildConfigurations = (
				99894AF7182D0B27008705FD /* Debug */,
				99894AF8182D0B27008705FD /* Release */,
			);
			defaultConfigurationIsVisible = 0;
		};
		99894AFC182D0B27008705FD /* Build configuration list for PBXNativeTarget "GTFoundationMacTests" */ = {
			isa = XCConfigurationList;
			buildConfigurations = (
				99894AF9182D0B27008705FD /* Debug */,
				99894AFA182D0B27008705FD /* Release */,
			);
			defaultConfigurationIsVisible = 0;
		};
/* End XCConfigurationList section */
	};
	rootObject = 990136341823B8B2008A5908 /* Project object */;
}
