PODS:
  - GTFoundation (0.1.4):
    - GTFoundation/Colors
  - GTFoundation/Colors (0.1.4)

DEPENDENCIES:
  - GTFoundation (from `../GTFoundation.podspec`)

EXTERNAL SOURCES:
  GTFoundation:
    :path: ../GTFoundation.podspec

SPEC CHECKSUMS:
  GTFoundation: 6327a4f409157e30293957c81679ee10bdb6a677

COCOAPODS: 0.34.2
